
Microsoft Visual Studio Solution File, Format Version 12.00
# Visual Studio 14
VisualStudioVersion = 14.0.25420.1
MinimumVisualStudioVersion = 10.0.40219.1
Project("{8BC9CEB8-8B4A-11D0-8D11-00A0C91BC942}") = "BinToDec", "BinToDec\BinToDec.vcxproj", "{83FEC3CE-D863-4A70-B8C4-95A879C9C8BA}"
EndProject
Project("{8BC9CEB8-8B4A-11D0-8D11-00A0C91BC942}") = "Factorial", "Factorial\Factorial.vcxproj", "{544753A0-35C3-4235-B199-9C4416923813}"
EndProject
Project("{8BC9CEB8-8B4A-11D0-8D11-00A0C91BC942}") = "ReverseNumber", "ReverseNumber\ReverseNumber.vcxproj", "{F5AC860D-D066-4963-BFA2-1D9968F8CFED}"
EndProject
Project("{8BC9CEB8-8B4A-11D0-8D11-00A0C91BC942}") = "PrimesInterval", "PrimesInterval\PrimesInterval.vcxproj", "{BB2C1016-BB05-4D24-A4D4-CA7E6E233AF6}"
EndProject
Project("{8BC9CEB8-8B4A-11D0-8D11-00A0C91BC942}") = "Pyramid", "Pyramid\Pyramid.vcxproj", "{3D2E7476-9494-45D0-A4F5-225613DB2E49}"
EndProject
Project("{8BC9CEB8-8B4A-11D0-8D11-00A0C91BC942}") = "GrossSal", "GrossSal\GrossSal.vcxproj", "{B70F38F0-77F7-4452-9377-7CEE309357FF}"
EndProject
Project("{8BC9CEB8-8B4A-11D0-8D11-00A0C91BC942}") = "RotateRight", "RotateRight\RotateRight.vcxproj", "{7F249D92-F409-4EA3-A866-E4FF48AB7259}"
EndProject
Project("{8BC9CEB8-8B4A-11D0-8D11-00A0C91BC942}") = "AvgMaxMin", "AvgMaxMin\AvgMaxMin.vcxproj", "{25957B83-78BC-4BC3-AC38-06A4A81BCB16}"
EndProject
Global
	GlobalSection(SolutionConfigurationPlatforms) = preSolution
		Debug|x64 = Debug|x64
		Debug|x86 = Debug|x86
		Release|x64 = Release|x64
		Release|x86 = Release|x86
	EndGlobalSection
	GlobalSection(ProjectConfigurationPlatforms) = postSolution
		{83FEC3CE-D863-4A70-B8C4-95A879C9C8BA}.Debug|x64.ActiveCfg = Debug|x64
		{83FEC3CE-D863-4A70-B8C4-95A879C9C8BA}.Debug|x64.Build.0 = Debug|x64
		{83FEC3CE-D863-4A70-B8C4-95A879C9C8BA}.Debug|x86.ActiveCfg = Debug|Win32
		{83FEC3CE-D863-4A70-B8C4-95A879C9C8BA}.Debug|x86.Build.0 = Debug|Win32
		{83FEC3CE-D863-4A70-B8C4-95A879C9C8BA}.Release|x64.ActiveCfg = Release|x64
		{83FEC3CE-D863-4A70-B8C4-95A879C9C8BA}.Release|x64.Build.0 = Release|x64
		{83FEC3CE-D863-4A70-B8C4-95A879C9C8BA}.Release|x86.ActiveCfg = Release|Win32
		{83FEC3CE-D863-4A70-B8C4-95A879C9C8BA}.Release|x86.Build.0 = Release|Win32
		{544753A0-35C3-4235-B199-9C4416923813}.Debug|x64.ActiveCfg = Debug|x64
		{544753A0-35C3-4235-B199-9C4416923813}.Debug|x64.Build.0 = Debug|x64
		{544753A0-35C3-4235-B199-9C4416923813}.Debug|x86.ActiveCfg = Debug|Win32
		{544753A0-35C3-4235-B199-9C4416923813}.Debug|x86.Build.0 = Debug|Win32
		{544753A0-35C3-4235-B199-9C4416923813}.Release|x64.ActiveCfg = Release|x64
		{544753A0-35C3-4235-B199-9C4416923813}.Release|x64.Build.0 = Release|x64
		{544753A0-35C3-4235-B199-9C4416923813}.Release|x86.ActiveCfg = Release|Win32
		{544753A0-35C3-4235-B199-9C4416923813}.Release|x86.Build.0 = Release|Win32
		{F5AC860D-D066-4963-BFA2-1D9968F8CFED}.Debug|x64.ActiveCfg = Debug|x64
		{F5AC860D-D066-4963-BFA2-1D9968F8CFED}.Debug|x64.Build.0 = Debug|x64
		{F5AC860D-D066-4963-BFA2-1D9968F8CFED}.Debug|x86.ActiveCfg = Debug|Win32
		{F5AC860D-D066-4963-BFA2-1D9968F8CFED}.Debug|x86.Build.0 = Debug|Win32
		{F5AC860D-D066-4963-BFA2-1D9968F8CFED}.Release|x64.ActiveCfg = Release|x64
		{F5AC860D-D066-4963-BFA2-1D9968F8CFED}.Release|x64.Build.0 = Release|x64
		{F5AC860D-D066-4963-BFA2-1D9968F8CFED}.Release|x86.ActiveCfg = Release|Win32
		{F5AC860D-D066-4963-BFA2-1D9968F8CFED}.Release|x86.Build.0 = Release|Win32
		{BB2C1016-BB05-4D24-A4D4-CA7E6E233AF6}.Debug|x64.ActiveCfg = Debug|x64
		{BB2C1016-BB05-4D24-A4D4-CA7E6E233AF6}.Debug|x64.Build.0 = Debug|x64
		{BB2C1016-BB05-4D24-A4D4-CA7E6E233AF6}.Debug|x86.ActiveCfg = Debug|Win32
		{BB2C1016-BB05-4D24-A4D4-CA7E6E233AF6}.Debug|x86.Build.0 = Debug|Win32
		{BB2C1016-BB05-4D24-A4D4-CA7E6E233AF6}.Release|x64.ActiveCfg = Release|x64
		{BB2C1016-BB05-4D24-A4D4-CA7E6E233AF6}.Release|x64.Build.0 = Release|x64
		{BB2C1016-BB05-4D24-A4D4-CA7E6E233AF6}.Release|x86.ActiveCfg = Release|Win32
		{BB2C1016-BB05-4D24-A4D4-CA7E6E233AF6}.Release|x86.Build.0 = Release|Win32
		{3D2E7476-9494-45D0-A4F5-225613DB2E49}.Debug|x64.ActiveCfg = Debug|x64
		{3D2E7476-9494-45D0-A4F5-225613DB2E49}.Debug|x64.Build.0 = Debug|x64
		{3D2E7476-9494-45D0-A4F5-225613DB2E49}.Debug|x86.ActiveCfg = Debug|Win32
		{3D2E7476-9494-45D0-A4F5-225613DB2E49}.Debug|x86.Build.0 = Debug|Win32
		{3D2E7476-9494-45D0-A4F5-225613DB2E49}.Release|x64.ActiveCfg = Release|x64
		{3D2E7476-9494-45D0-A4F5-225613DB2E49}.Release|x64.Build.0 = Release|x64
		{3D2E7476-9494-45D0-A4F5-225613DB2E49}.Release|x86.ActiveCfg = Release|Win32
		{3D2E7476-9494-45D0-A4F5-225613DB2E49}.Release|x86.Build.0 = Release|Win32
		{B70F38F0-77F7-4452-9377-7CEE309357FF}.Debug|x64.ActiveCfg = Debug|x64
		{B70F38F0-77F7-4452-9377-7CEE309357FF}.Debug|x64.Build.0 = Debug|x64
		{B70F38F0-77F7-4452-9377-7CEE309357FF}.Debug|x86.ActiveCfg = Debug|Win32
		{B70F38F0-77F7-4452-9377-7CEE309357FF}.Debug|x86.Build.0 = Debug|Win32
		{B70F38F0-77F7-4452-9377-7CEE309357FF}.Release|x64.ActiveCfg = Release|x64
		{B70F38F0-77F7-4452-9377-7CEE309357FF}.Release|x64.Build.0 = Release|x64
		{B70F38F0-77F7-4452-9377-7CEE309357FF}.Release|x86.ActiveCfg = Release|Win32
		{B70F38F0-77F7-4452-9377-7CEE309357FF}.Release|x86.Build.0 = Release|Win32
		{7F249D92-F409-4EA3-A866-E4FF48AB7259}.Debug|x64.ActiveCfg = Debug|x64
		{7F249D92-F409-4EA3-A866-E4FF48AB7259}.Debug|x64.Build.0 = Debug|x64
		{7F249D92-F409-4EA3-A866-E4FF48AB7259}.Debug|x86.ActiveCfg = Debug|Win32
		{7F249D92-F409-4EA3-A866-E4FF48AB7259}.Debug|x86.Build.0 = Debug|Win32
		{7F249D92-F409-4EA3-A866-E4FF48AB7259}.Release|x64.ActiveCfg = Release|x64
		{7F249D92-F409-4EA3-A866-E4FF48AB7259}.Release|x64.Build.0 = Release|x64
		{7F249D92-F409-4EA3-A866-E4FF48AB7259}.Release|x86.ActiveCfg = Release|Win32
		{7F249D92-F409-4EA3-A866-E4FF48AB7259}.Release|x86.Build.0 = Release|Win32
		{25957B83-78BC-4BC3-AC38-06A4A81BCB16}.Debug|x64.ActiveCfg = Debug|x64
		{25957B83-78BC-4BC3-AC38-06A4A81BCB16}.Debug|x64.Build.0 = Debug|x64
		{25957B83-78BC-4BC3-AC38-06A4A81BCB16}.Debug|x86.ActiveCfg = Debug|Win32
		{25957B83-78BC-4BC3-AC38-06A4A81BCB16}.Debug|x86.Build.0 = Debug|Win32
		{25957B83-78BC-4BC3-AC38-06A4A81BCB16}.Release|x64.ActiveCfg = Release|x64
		{25957B83-78BC-4BC3-AC38-06A4A81BCB16}.Release|x64.Build.0 = Release|x64
		{25957B83-78BC-4BC3-AC38-06A4A81BCB16}.Release|x86.ActiveCfg = Release|Win32
		{25957B83-78BC-4BC3-AC38-06A4A81BCB16}.Release|x86.Build.0 = Release|Win32
	EndGlobalSection
	GlobalSection(SolutionProperties) = preSolution
		HideSolutionNode = FALSE
	EndGlobalSection
EndGlobal
