
Microsoft Visual Studio Solution File, Format Version 12.00
# Visual Studio 14
VisualStudioVersion = 14.0.25420.1
MinimumVisualStudioVersion = 10.0.40219.1
Project("{8BC9CEB8-8B4A-11D0-8D11-00A0C91BC942}") = "countChar", "countChar\countChar.vcxproj", "{4E1EB87D-DDB1-4C4F-BA67-BD7722963AF4}"
EndProject
Project("{8BC9CEB8-8B4A-11D0-8D11-00A0C91BC942}") = "replaceChar", "replaceChar\replaceChar.vcxproj", "{3FB339BB-6E2D-4CD6-8589-4A308739580D}"
EndProject
Project("{8BC9CEB8-8B4A-11D0-8D11-00A0C91BC942}") = "sample2DArray", "sample2DArray\sample2DArray.vcxproj", "{3073FB5A-D78F-4181-BC5B-A3FAA3C78147}"
EndProject
Project("{8BC9CEB8-8B4A-11D0-8D11-00A0C91BC942}") = "sampleString", "sampleString\sampleString.vcxproj", "{AF21AAB9-1DB7-4F9F-9D21-9148D7CB0039}"
EndProject
Project("{8BC9CEB8-8B4A-11D0-8D11-00A0C91BC942}") = "stringArraySort", "stringArraySort\stringArraySort.vcxproj", "{A6EB7156-A995-42A2-93B2-17EF0DA71A1C}"
EndProject
Project("{8BC9CEB8-8B4A-11D0-8D11-00A0C91BC942}") = "stringCase", "stringCase\stringCase.vcxproj", "{B94530E1-AA7B-45A2-A463-DD66DDEB4C29}"
EndProject
Project("{8BC9CEB8-8B4A-11D0-8D11-00A0C91BC942}") = "stringDma", "stringDma\stringDma.vcxproj", "{07083BD2-C11A-4B62-A353-A6ACA108C8F4}"
EndProject
Project("{8BC9CEB8-8B4A-11D0-8D11-00A0C91BC942}") = "stringMatchIndex", "stringMatchIndex\stringMatchIndex.vcxproj", "{FDB521BD-1F38-4DA8-A37C-8BC2780203DC}"
EndProject
Project("{8BC9CEB8-8B4A-11D0-8D11-00A0C91BC942}") = "stringDelChar", "stringDelChar\stringDelChar.vcxproj", "{5B63B500-2C12-44B2-B721-9A9DFECA3B9C}"
EndProject
Project("{8BC9CEB8-8B4A-11D0-8D11-00A0C91BC942}") = "stringDelChar2", "stringDelChar2\stringDelChar2.vcxproj", "{E16F2809-5D9C-49DF-A41E-7A6CB9C596FF}"
EndProject
Global
	GlobalSection(SolutionConfigurationPlatforms) = preSolution
		Debug|x64 = Debug|x64
		Debug|x86 = Debug|x86
		Release|x64 = Release|x64
		Release|x86 = Release|x86
	EndGlobalSection
	GlobalSection(ProjectConfigurationPlatforms) = postSolution
		{4E1EB87D-DDB1-4C4F-BA67-BD7722963AF4}.Debug|x64.ActiveCfg = Debug|x64
		{4E1EB87D-DDB1-4C4F-BA67-BD7722963AF4}.Debug|x64.Build.0 = Debug|x64
		{4E1EB87D-DDB1-4C4F-BA67-BD7722963AF4}.Debug|x86.ActiveCfg = Debug|Win32
		{4E1EB87D-DDB1-4C4F-BA67-BD7722963AF4}.Debug|x86.Build.0 = Debug|Win32
		{4E1EB87D-DDB1-4C4F-BA67-BD7722963AF4}.Release|x64.ActiveCfg = Release|x64
		{4E1EB87D-DDB1-4C4F-BA67-BD7722963AF4}.Release|x64.Build.0 = Release|x64
		{4E1EB87D-DDB1-4C4F-BA67-BD7722963AF4}.Release|x86.ActiveCfg = Release|Win32
		{4E1EB87D-DDB1-4C4F-BA67-BD7722963AF4}.Release|x86.Build.0 = Release|Win32
		{3FB339BB-6E2D-4CD6-8589-4A308739580D}.Debug|x64.ActiveCfg = Debug|x64
		{3FB339BB-6E2D-4CD6-8589-4A308739580D}.Debug|x64.Build.0 = Debug|x64
		{3FB339BB-6E2D-4CD6-8589-4A308739580D}.Debug|x86.ActiveCfg = Debug|Win32
		{3FB339BB-6E2D-4CD6-8589-4A308739580D}.Debug|x86.Build.0 = Debug|Win32
		{3FB339BB-6E2D-4CD6-8589-4A308739580D}.Release|x64.ActiveCfg = Release|x64
		{3FB339BB-6E2D-4CD6-8589-4A308739580D}.Release|x64.Build.0 = Release|x64
		{3FB339BB-6E2D-4CD6-8589-4A308739580D}.Release|x86.ActiveCfg = Release|Win32
		{3FB339BB-6E2D-4CD6-8589-4A308739580D}.Release|x86.Build.0 = Release|Win32
		{3073FB5A-D78F-4181-BC5B-A3FAA3C78147}.Debug|x64.ActiveCfg = Debug|x64
		{3073FB5A-D78F-4181-BC5B-A3FAA3C78147}.Debug|x64.Build.0 = Debug|x64
		{3073FB5A-D78F-4181-BC5B-A3FAA3C78147}.Debug|x86.ActiveCfg = Debug|Win32
		{3073FB5A-D78F-4181-BC5B-A3FAA3C78147}.Debug|x86.Build.0 = Debug|Win32
		{3073FB5A-D78F-4181-BC5B-A3FAA3C78147}.Release|x64.ActiveCfg = Release|x64
		{3073FB5A-D78F-4181-BC5B-A3FAA3C78147}.Release|x64.Build.0 = Release|x64
		{3073FB5A-D78F-4181-BC5B-A3FAA3C78147}.Release|x86.ActiveCfg = Release|Win32
		{3073FB5A-D78F-4181-BC5B-A3FAA3C78147}.Release|x86.Build.0 = Release|Win32
		{AF21AAB9-1DB7-4F9F-9D21-9148D7CB0039}.Debug|x64.ActiveCfg = Debug|x64
		{AF21AAB9-1DB7-4F9F-9D21-9148D7CB0039}.Debug|x64.Build.0 = Debug|x64
		{AF21AAB9-1DB7-4F9F-9D21-9148D7CB0039}.Debug|x86.ActiveCfg = Debug|Win32
		{AF21AAB9-1DB7-4F9F-9D21-9148D7CB0039}.Debug|x86.Build.0 = Debug|Win32
		{AF21AAB9-1DB7-4F9F-9D21-9148D7CB0039}.Release|x64.ActiveCfg = Release|x64
		{AF21AAB9-1DB7-4F9F-9D21-9148D7CB0039}.Release|x64.Build.0 = Release|x64
		{AF21AAB9-1DB7-4F9F-9D21-9148D7CB0039}.Release|x86.ActiveCfg = Release|Win32
		{AF21AAB9-1DB7-4F9F-9D21-9148D7CB0039}.Release|x86.Build.0 = Release|Win32
		{A6EB7156-A995-42A2-93B2-17EF0DA71A1C}.Debug|x64.ActiveCfg = Debug|x64
		{A6EB7156-A995-42A2-93B2-17EF0DA71A1C}.Debug|x64.Build.0 = Debug|x64
		{A6EB7156-A995-42A2-93B2-17EF0DA71A1C}.Debug|x86.ActiveCfg = Debug|Win32
		{A6EB7156-A995-42A2-93B2-17EF0DA71A1C}.Debug|x86.Build.0 = Debug|Win32
		{A6EB7156-A995-42A2-93B2-17EF0DA71A1C}.Release|x64.ActiveCfg = Release|x64
		{A6EB7156-A995-42A2-93B2-17EF0DA71A1C}.Release|x64.Build.0 = Release|x64
		{A6EB7156-A995-42A2-93B2-17EF0DA71A1C}.Release|x86.ActiveCfg = Release|Win32
		{A6EB7156-A995-42A2-93B2-17EF0DA71A1C}.Release|x86.Build.0 = Release|Win32
		{B94530E1-AA7B-45A2-A463-DD66DDEB4C29}.Debug|x64.ActiveCfg = Debug|x64
		{B94530E1-AA7B-45A2-A463-DD66DDEB4C29}.Debug|x64.Build.0 = Debug|x64
		{B94530E1-AA7B-45A2-A463-DD66DDEB4C29}.Debug|x86.ActiveCfg = Debug|Win32
		{B94530E1-AA7B-45A2-A463-DD66DDEB4C29}.Debug|x86.Build.0 = Debug|Win32
		{B94530E1-AA7B-45A2-A463-DD66DDEB4C29}.Release|x64.ActiveCfg = Release|x64
		{B94530E1-AA7B-45A2-A463-DD66DDEB4C29}.Release|x64.Build.0 = Release|x64
		{B94530E1-AA7B-45A2-A463-DD66DDEB4C29}.Release|x86.ActiveCfg = Release|Win32
		{B94530E1-AA7B-45A2-A463-DD66DDEB4C29}.Release|x86.Build.0 = Release|Win32
		{07083BD2-C11A-4B62-A353-A6ACA108C8F4}.Debug|x64.ActiveCfg = Debug|x64
		{07083BD2-C11A-4B62-A353-A6ACA108C8F4}.Debug|x64.Build.0 = Debug|x64
		{07083BD2-C11A-4B62-A353-A6ACA108C8F4}.Debug|x86.ActiveCfg = Debug|Win32
		{07083BD2-C11A-4B62-A353-A6ACA108C8F4}.Debug|x86.Build.0 = Debug|Win32
		{07083BD2-C11A-4B62-A353-A6ACA108C8F4}.Release|x64.ActiveCfg = Release|x64
		{07083BD2-C11A-4B62-A353-A6ACA108C8F4}.Release|x64.Build.0 = Release|x64
		{07083BD2-C11A-4B62-A353-A6ACA108C8F4}.Release|x86.ActiveCfg = Release|Win32
		{07083BD2-C11A-4B62-A353-A6ACA108C8F4}.Release|x86.Build.0 = Release|Win32
		{FDB521BD-1F38-4DA8-A37C-8BC2780203DC}.Debug|x64.ActiveCfg = Debug|x64
		{FDB521BD-1F38-4DA8-A37C-8BC2780203DC}.Debug|x64.Build.0 = Debug|x64
		{FDB521BD-1F38-4DA8-A37C-8BC2780203DC}.Debug|x86.ActiveCfg = Debug|Win32
		{FDB521BD-1F38-4DA8-A37C-8BC2780203DC}.Debug|x86.Build.0 = Debug|Win32
		{FDB521BD-1F38-4DA8-A37C-8BC2780203DC}.Release|x64.ActiveCfg = Release|x64
		{FDB521BD-1F38-4DA8-A37C-8BC2780203DC}.Release|x64.Build.0 = Release|x64
		{FDB521BD-1F38-4DA8-A37C-8BC2780203DC}.Release|x86.ActiveCfg = Release|Win32
		{FDB521BD-1F38-4DA8-A37C-8BC2780203DC}.Release|x86.Build.0 = Release|Win32
		{5B63B500-2C12-44B2-B721-9A9DFECA3B9C}.Debug|x64.ActiveCfg = Debug|x64
		{5B63B500-2C12-44B2-B721-9A9DFECA3B9C}.Debug|x64.Build.0 = Debug|x64
		{5B63B500-2C12-44B2-B721-9A9DFECA3B9C}.Debug|x86.ActiveCfg = Debug|Win32
		{5B63B500-2C12-44B2-B721-9A9DFECA3B9C}.Debug|x86.Build.0 = Debug|Win32
		{5B63B500-2C12-44B2-B721-9A9DFECA3B9C}.Release|x64.ActiveCfg = Release|x64
		{5B63B500-2C12-44B2-B721-9A9DFECA3B9C}.Release|x64.Build.0 = Release|x64
		{5B63B500-2C12-44B2-B721-9A9DFECA3B9C}.Release|x86.ActiveCfg = Release|Win32
		{5B63B500-2C12-44B2-B721-9A9DFECA3B9C}.Release|x86.Build.0 = Release|Win32
		{E16F2809-5D9C-49DF-A41E-7A6CB9C596FF}.Debug|x64.ActiveCfg = Debug|x64
		{E16F2809-5D9C-49DF-A41E-7A6CB9C596FF}.Debug|x64.Build.0 = Debug|x64
		{E16F2809-5D9C-49DF-A41E-7A6CB9C596FF}.Debug|x86.ActiveCfg = Debug|Win32
		{E16F2809-5D9C-49DF-A41E-7A6CB9C596FF}.Debug|x86.Build.0 = Debug|Win32
		{E16F2809-5D9C-49DF-A41E-7A6CB9C596FF}.Release|x64.ActiveCfg = Release|x64
		{E16F2809-5D9C-49DF-A41E-7A6CB9C596FF}.Release|x64.Build.0 = Release|x64
		{E16F2809-5D9C-49DF-A41E-7A6CB9C596FF}.Release|x86.ActiveCfg = Release|Win32
		{E16F2809-5D9C-49DF-A41E-7A6CB9C596FF}.Release|x86.Build.0 = Release|Win32
	EndGlobalSection
	GlobalSection(SolutionProperties) = preSolution
		HideSolutionNode = FALSE
	EndGlobalSection
EndGlobal
