
Microsoft Visual Studio Solution File, Format Version 12.00
# Visual Studio 14
VisualStudioVersion = 14.0.25420.1
MinimumVisualStudioVersion = 10.0.40219.1
Project("{8BC9CEB8-8B4A-11D0-8D11-00A0C91BC942}") = "staticDatamember", "staticDatamember\staticDatamember.vcxproj", "{9419AF0F-43EE-4FE3-9D8A-DCA5D63549E0}"
EndProject
Project("{8BC9CEB8-8B4A-11D0-8D11-00A0C91BC942}") = "overloadCoutCin", "overloadCoutCin\overloadCoutCin.vcxproj", "{9918CA82-CBF0-4F90-8CB4-70D3E0282E35}"
EndProject
Project("{8BC9CEB8-8B4A-11D0-8D11-00A0C91BC942}") = "overloadCinArray", "overloadCinArray\overloadCinArray.vcxproj", "{C3242D23-0840-4146-8E52-92F993A2A9F5}"
EndProject
Project("{8BC9CEB8-8B4A-11D0-8D11-00A0C91BC942}") = "allOverload", "allOverload\allOverload.vcxproj", "{096CBD0A-E182-4B71-BE88-F5C3542A55C8}"
EndProject
Project("{8BC9CEB8-8B4A-11D0-8D11-00A0C91BC942}") = "stringOverload", "stringOverload\stringOverload.vcxproj", "{52D9E725-6696-4B6D-B876-4409778FC64D}"
EndProject
Project("{8BC9CEB8-8B4A-11D0-8D11-00A0C91BC942}") = "copyConstructor", "copyConstructor\copyConstructor.vcxproj", "{4DB74FF4-1A06-4108-B196-00981D052099}"
EndProject
Global
	GlobalSection(SolutionConfigurationPlatforms) = preSolution
		Debug|x64 = Debug|x64
		Debug|x86 = Debug|x86
		Release|x64 = Release|x64
		Release|x86 = Release|x86
	EndGlobalSection
	GlobalSection(ProjectConfigurationPlatforms) = postSolution
		{9419AF0F-43EE-4FE3-9D8A-DCA5D63549E0}.Debug|x64.ActiveCfg = Debug|x64
		{9419AF0F-43EE-4FE3-9D8A-DCA5D63549E0}.Debug|x64.Build.0 = Debug|x64
		{9419AF0F-43EE-4FE3-9D8A-DCA5D63549E0}.Debug|x86.ActiveCfg = Debug|Win32
		{9419AF0F-43EE-4FE3-9D8A-DCA5D63549E0}.Debug|x86.Build.0 = Debug|Win32
		{9419AF0F-43EE-4FE3-9D8A-DCA5D63549E0}.Release|x64.ActiveCfg = Release|x64
		{9419AF0F-43EE-4FE3-9D8A-DCA5D63549E0}.Release|x64.Build.0 = Release|x64
		{9419AF0F-43EE-4FE3-9D8A-DCA5D63549E0}.Release|x86.ActiveCfg = Release|Win32
		{9419AF0F-43EE-4FE3-9D8A-DCA5D63549E0}.Release|x86.Build.0 = Release|Win32
		{9918CA82-CBF0-4F90-8CB4-70D3E0282E35}.Debug|x64.ActiveCfg = Debug|x64
		{9918CA82-CBF0-4F90-8CB4-70D3E0282E35}.Debug|x64.Build.0 = Debug|x64
		{9918CA82-CBF0-4F90-8CB4-70D3E0282E35}.Debug|x86.ActiveCfg = Debug|Win32
		{9918CA82-CBF0-4F90-8CB4-70D3E0282E35}.Debug|x86.Build.0 = Debug|Win32
		{9918CA82-CBF0-4F90-8CB4-70D3E0282E35}.Release|x64.ActiveCfg = Release|x64
		{9918CA82-CBF0-4F90-8CB4-70D3E0282E35}.Release|x64.Build.0 = Release|x64
		{9918CA82-CBF0-4F90-8CB4-70D3E0282E35}.Release|x86.ActiveCfg = Release|Win32
		{9918CA82-CBF0-4F90-8CB4-70D3E0282E35}.Release|x86.Build.0 = Release|Win32
		{C3242D23-0840-4146-8E52-92F993A2A9F5}.Debug|x64.ActiveCfg = Debug|x64
		{C3242D23-0840-4146-8E52-92F993A2A9F5}.Debug|x64.Build.0 = Debug|x64
		{C3242D23-0840-4146-8E52-92F993A2A9F5}.Debug|x86.ActiveCfg = Debug|Win32
		{C3242D23-0840-4146-8E52-92F993A2A9F5}.Debug|x86.Build.0 = Debug|Win32
		{C3242D23-0840-4146-8E52-92F993A2A9F5}.Release|x64.ActiveCfg = Release|x64
		{C3242D23-0840-4146-8E52-92F993A2A9F5}.Release|x64.Build.0 = Release|x64
		{C3242D23-0840-4146-8E52-92F993A2A9F5}.Release|x86.ActiveCfg = Release|Win32
		{C3242D23-0840-4146-8E52-92F993A2A9F5}.Release|x86.Build.0 = Release|Win32
		{096CBD0A-E182-4B71-BE88-F5C3542A55C8}.Debug|x64.ActiveCfg = Debug|x64
		{096CBD0A-E182-4B71-BE88-F5C3542A55C8}.Debug|x64.Build.0 = Debug|x64
		{096CBD0A-E182-4B71-BE88-F5C3542A55C8}.Debug|x86.ActiveCfg = Debug|Win32
		{096CBD0A-E182-4B71-BE88-F5C3542A55C8}.Debug|x86.Build.0 = Debug|Win32
		{096CBD0A-E182-4B71-BE88-F5C3542A55C8}.Release|x64.ActiveCfg = Release|x64
		{096CBD0A-E182-4B71-BE88-F5C3542A55C8}.Release|x64.Build.0 = Release|x64
		{096CBD0A-E182-4B71-BE88-F5C3542A55C8}.Release|x86.ActiveCfg = Release|Win32
		{096CBD0A-E182-4B71-BE88-F5C3542A55C8}.Release|x86.Build.0 = Release|Win32
		{52D9E725-6696-4B6D-B876-4409778FC64D}.Debug|x64.ActiveCfg = Debug|x64
		{52D9E725-6696-4B6D-B876-4409778FC64D}.Debug|x64.Build.0 = Debug|x64
		{52D9E725-6696-4B6D-B876-4409778FC64D}.Debug|x86.ActiveCfg = Debug|Win32
		{52D9E725-6696-4B6D-B876-4409778FC64D}.Debug|x86.Build.0 = Debug|Win32
		{52D9E725-6696-4B6D-B876-4409778FC64D}.Release|x64.ActiveCfg = Release|x64
		{52D9E725-6696-4B6D-B876-4409778FC64D}.Release|x64.Build.0 = Release|x64
		{52D9E725-6696-4B6D-B876-4409778FC64D}.Release|x86.ActiveCfg = Release|Win32
		{52D9E725-6696-4B6D-B876-4409778FC64D}.Release|x86.Build.0 = Release|Win32
		{4DB74FF4-1A06-4108-B196-00981D052099}.Debug|x64.ActiveCfg = Debug|x64
		{4DB74FF4-1A06-4108-B196-00981D052099}.Debug|x64.Build.0 = Debug|x64
		{4DB74FF4-1A06-4108-B196-00981D052099}.Debug|x86.ActiveCfg = Debug|Win32
		{4DB74FF4-1A06-4108-B196-00981D052099}.Debug|x86.Build.0 = Debug|Win32
		{4DB74FF4-1A06-4108-B196-00981D052099}.Release|x64.ActiveCfg = Release|x64
		{4DB74FF4-1A06-4108-B196-00981D052099}.Release|x64.Build.0 = Release|x64
		{4DB74FF4-1A06-4108-B196-00981D052099}.Release|x86.ActiveCfg = Release|Win32
		{4DB74FF4-1A06-4108-B196-00981D052099}.Release|x86.Build.0 = Release|Win32
	EndGlobalSection
	GlobalSection(SolutionProperties) = preSolution
		HideSolutionNode = FALSE
	EndGlobalSection
EndGlobal
