
Microsoft Visual Studio Solution File, Format Version 12.00
# Visual Studio 14
VisualStudioVersion = 14.0.25420.1
MinimumVisualStudioVersion = 10.0.40219.1
Project("{8BC9CEB8-8B4A-11D0-8D11-00A0C91BC942}") = "Calculator", "Calculator\Calculator.vcxproj", "{45BAF86F-AD95-4A80-B890-D0039BE403CD}"
EndProject
Project("{8BC9CEB8-8B4A-11D0-8D11-00A0C91BC942}") = "Armstrong", "Armstrong\Armstrong.vcxproj", "{D1FFF58C-6C2B-4C50-8C57-FA942D39415C}"
EndProject
Project("{8BC9CEB8-8B4A-11D0-8D11-00A0C91BC942}") = "Palindrome", "Palindrome\Palindrome.vcxproj", "{C2B348AB-8ACE-45C4-8D02-DBF964A43A09}"
EndProject
Project("{8BC9CEB8-8B4A-11D0-8D11-00A0C91BC942}") = "SumOfDigits", "SumOfDigits\SumOfDigits.vcxproj", "{567FC49F-ECDF-4864-AC61-0B801FAC7A8F}"
EndProject
Project("{8BC9CEB8-8B4A-11D0-8D11-00A0C91BC942}") = "CharCount", "CharCount\CharCount.vcxproj", "{032B0477-531B-4244-987F-65341669ECB7}"
EndProject
Project("{8BC9CEB8-8B4A-11D0-8D11-00A0C91BC942}") = "InvertBits", "InvertBits\InvertBits.vcxproj", "{A068B051-7A9E-443D-80B9-A797DF5E4D5F}"
EndProject
Global
	GlobalSection(SolutionConfigurationPlatforms) = preSolution
		Debug|x64 = Debug|x64
		Debug|x86 = Debug|x86
		Release|x64 = Release|x64
		Release|x86 = Release|x86
	EndGlobalSection
	GlobalSection(ProjectConfigurationPlatforms) = postSolution
		{45BAF86F-AD95-4A80-B890-D0039BE403CD}.Debug|x64.ActiveCfg = Debug|x64
		{45BAF86F-AD95-4A80-B890-D0039BE403CD}.Debug|x64.Build.0 = Debug|x64
		{45BAF86F-AD95-4A80-B890-D0039BE403CD}.Debug|x86.ActiveCfg = Debug|Win32
		{45BAF86F-AD95-4A80-B890-D0039BE403CD}.Release|x64.ActiveCfg = Release|x64
		{45BAF86F-AD95-4A80-B890-D0039BE403CD}.Release|x64.Build.0 = Release|x64
		{45BAF86F-AD95-4A80-B890-D0039BE403CD}.Release|x86.ActiveCfg = Release|Win32
		{45BAF86F-AD95-4A80-B890-D0039BE403CD}.Release|x86.Build.0 = Release|Win32
		{D1FFF58C-6C2B-4C50-8C57-FA942D39415C}.Debug|x64.ActiveCfg = Debug|x64
		{D1FFF58C-6C2B-4C50-8C57-FA942D39415C}.Debug|x64.Build.0 = Debug|x64
		{D1FFF58C-6C2B-4C50-8C57-FA942D39415C}.Debug|x86.ActiveCfg = Debug|Win32
		{D1FFF58C-6C2B-4C50-8C57-FA942D39415C}.Debug|x86.Deploy.0 = Debug|Win32
		{D1FFF58C-6C2B-4C50-8C57-FA942D39415C}.Release|x64.ActiveCfg = Release|x64
		{D1FFF58C-6C2B-4C50-8C57-FA942D39415C}.Release|x64.Build.0 = Release|x64
		{D1FFF58C-6C2B-4C50-8C57-FA942D39415C}.Release|x86.ActiveCfg = Release|Win32
		{D1FFF58C-6C2B-4C50-8C57-FA942D39415C}.Release|x86.Build.0 = Release|Win32
		{C2B348AB-8ACE-45C4-8D02-DBF964A43A09}.Debug|x64.ActiveCfg = Debug|x64
		{C2B348AB-8ACE-45C4-8D02-DBF964A43A09}.Debug|x64.Build.0 = Debug|x64
		{C2B348AB-8ACE-45C4-8D02-DBF964A43A09}.Debug|x86.ActiveCfg = Debug|Win32
		{C2B348AB-8ACE-45C4-8D02-DBF964A43A09}.Debug|x86.Build.0 = Debug|Win32
		{C2B348AB-8ACE-45C4-8D02-DBF964A43A09}.Release|x64.ActiveCfg = Release|x64
		{C2B348AB-8ACE-45C4-8D02-DBF964A43A09}.Release|x64.Build.0 = Release|x64
		{C2B348AB-8ACE-45C4-8D02-DBF964A43A09}.Release|x86.ActiveCfg = Release|Win32
		{C2B348AB-8ACE-45C4-8D02-DBF964A43A09}.Release|x86.Build.0 = Release|Win32
		{567FC49F-ECDF-4864-AC61-0B801FAC7A8F}.Debug|x64.ActiveCfg = Debug|x64
		{567FC49F-ECDF-4864-AC61-0B801FAC7A8F}.Debug|x64.Build.0 = Debug|x64
		{567FC49F-ECDF-4864-AC61-0B801FAC7A8F}.Debug|x86.ActiveCfg = Debug|Win32
		{567FC49F-ECDF-4864-AC61-0B801FAC7A8F}.Debug|x86.Build.0 = Debug|Win32
		{567FC49F-ECDF-4864-AC61-0B801FAC7A8F}.Release|x64.ActiveCfg = Release|x64
		{567FC49F-ECDF-4864-AC61-0B801FAC7A8F}.Release|x64.Build.0 = Release|x64
		{567FC49F-ECDF-4864-AC61-0B801FAC7A8F}.Release|x86.ActiveCfg = Release|Win32
		{567FC49F-ECDF-4864-AC61-0B801FAC7A8F}.Release|x86.Build.0 = Release|Win32
		{032B0477-531B-4244-987F-65341669ECB7}.Debug|x64.ActiveCfg = Debug|x64
		{032B0477-531B-4244-987F-65341669ECB7}.Debug|x64.Build.0 = Debug|x64
		{032B0477-531B-4244-987F-65341669ECB7}.Debug|x86.ActiveCfg = Debug|Win32
		{032B0477-531B-4244-987F-65341669ECB7}.Debug|x86.Build.0 = Debug|Win32
		{032B0477-531B-4244-987F-65341669ECB7}.Release|x64.ActiveCfg = Release|x64
		{032B0477-531B-4244-987F-65341669ECB7}.Release|x64.Build.0 = Release|x64
		{032B0477-531B-4244-987F-65341669ECB7}.Release|x86.ActiveCfg = Release|Win32
		{032B0477-531B-4244-987F-65341669ECB7}.Release|x86.Build.0 = Release|Win32
		{A068B051-7A9E-443D-80B9-A797DF5E4D5F}.Debug|x64.ActiveCfg = Debug|x64
		{A068B051-7A9E-443D-80B9-A797DF5E4D5F}.Debug|x64.Build.0 = Debug|x64
		{A068B051-7A9E-443D-80B9-A797DF5E4D5F}.Debug|x86.ActiveCfg = Debug|Win32
		{A068B051-7A9E-443D-80B9-A797DF5E4D5F}.Debug|x86.Build.0 = Debug|Win32
		{A068B051-7A9E-443D-80B9-A797DF5E4D5F}.Release|x64.ActiveCfg = Release|x64
		{A068B051-7A9E-443D-80B9-A797DF5E4D5F}.Release|x64.Build.0 = Release|x64
		{A068B051-7A9E-443D-80B9-A797DF5E4D5F}.Release|x86.ActiveCfg = Release|Win32
		{A068B051-7A9E-443D-80B9-A797DF5E4D5F}.Release|x86.Build.0 = Release|Win32
	EndGlobalSection
	GlobalSection(SolutionProperties) = preSolution
		HideSolutionNode = FALSE
	EndGlobalSection
EndGlobal
