
Microsoft Visual Studio Solution File, Format Version 12.00
# Visual Studio 14
VisualStudioVersion = 14.0.25420.1
MinimumVisualStudioVersion = 10.0.40219.1
Project("{8BC9CEB8-8B4A-11D0-8D11-00A0C91BC942}") = "Calculator", "calculator.html\calculator.html.vcxproj", "{6B1831A3-B624-4DC1-BB66-937F7492B5FF}"
EndProject
Project("{FAE04EC0-301F-11D3-BF4B-00C04F79EFBC}") = "StudentDetails", "StudentDetails\StudentDetails.csproj", "{AF3150A6-FCDD-4C20-A80C-43E186D9294C}"
EndProject
Project("{FAE04EC0-301F-11D3-BF4B-00C04F79EFBC}") = "Button", "Button\Button.csproj", "{1B3D8C77-71B1-4538-9E8B-5FDA1370B13E}"
EndProject
Project("{FAE04EC0-301F-11D3-BF4B-00C04F79EFBC}") = "fileUpload", "fileUpload\fileUpload.csproj", "{A93303CD-365D-4FBC-996F-F3C29FAC563C}"
EndProject
Project("{FAE04EC0-301F-11D3-BF4B-00C04F79EFBC}") = "objCreate", "objCreateLiteral\objCreate.csproj", "{339410F3-177E-42E2-92C6-D8E1F63CA95E}"
EndProject
Project("{FAE04EC0-301F-11D3-BF4B-00C04F79EFBC}") = "timeOut", "timeOut\timeOut.csproj", "{348536FE-B8A5-4EAA-9D8F-81568DD53123}"
EndProject
Project("{FAE04EC0-301F-11D3-BF4B-00C04F79EFBC}") = "changeBackground", "changeBackground\changeBackground.csproj", "{EB0F920E-73EB-4B56-A69C-C2EAC8A60FDF}"
EndProject
Project("{FAE04EC0-301F-11D3-BF4B-00C04F79EFBC}") = "loadingTime", "loadingTime\loadingTime.csproj", "{1536BA04-80BE-4552-9904-687AEA7EE198}"
EndProject
Project("{FAE04EC0-301F-11D3-BF4B-00C04F79EFBC}") = "inlineImage", "inlineImage\inlineImage.csproj", "{F93038EB-C9EF-43A7-B66A-E165D96A20B0}"
EndProject
Project("{FAE04EC0-301F-11D3-BF4B-00C04F79EFBC}") = "eventListener", "eventListener\eventListener.csproj", "{17C47EFC-A0D3-4FCE-934D-E28F8C152DAB}"
EndProject
Project("{FAE04EC0-301F-11D3-BF4B-00C04F79EFBC}") = "jQueryAddress", "jQueryAddress\jQueryAddress.csproj", "{2B3755D0-B761-4197-A63F-8105628E6512}"
EndProject
Project("{FAE04EC0-301F-11D3-BF4B-00C04F79EFBC}") = "jQueryButton", "jQueryButton\jQueryButton.csproj", "{F51A9AB4-2856-4A90-AC04-FCCD9BAE17D8}"
EndProject
Global
	GlobalSection(SolutionConfigurationPlatforms) = preSolution
		Debug|Any CPU = Debug|Any CPU
		Debug|x64 = Debug|x64
		Debug|x86 = Debug|x86
		Release|Any CPU = Release|Any CPU
		Release|x64 = Release|x64
		Release|x86 = Release|x86
	EndGlobalSection
	GlobalSection(ProjectConfigurationPlatforms) = postSolution
		{6B1831A3-B624-4DC1-BB66-937F7492B5FF}.Debug|Any CPU.ActiveCfg = Debug|Win32
		{6B1831A3-B624-4DC1-BB66-937F7492B5FF}.Debug|x64.ActiveCfg = Debug|x64
		{6B1831A3-B624-4DC1-BB66-937F7492B5FF}.Debug|x64.Build.0 = Debug|x64
		{6B1831A3-B624-4DC1-BB66-937F7492B5FF}.Debug|x86.ActiveCfg = Debug|Win32
		{6B1831A3-B624-4DC1-BB66-937F7492B5FF}.Debug|x86.Build.0 = Debug|Win32
		{6B1831A3-B624-4DC1-BB66-937F7492B5FF}.Release|Any CPU.ActiveCfg = Release|Win32
		{6B1831A3-B624-4DC1-BB66-937F7492B5FF}.Release|x64.ActiveCfg = Release|x64
		{6B1831A3-B624-4DC1-BB66-937F7492B5FF}.Release|x64.Build.0 = Release|x64
		{6B1831A3-B624-4DC1-BB66-937F7492B5FF}.Release|x86.ActiveCfg = Release|Win32
		{6B1831A3-B624-4DC1-BB66-937F7492B5FF}.Release|x86.Build.0 = Release|Win32
		{AF3150A6-FCDD-4C20-A80C-43E186D9294C}.Debug|Any CPU.ActiveCfg = Debug|Any CPU
		{AF3150A6-FCDD-4C20-A80C-43E186D9294C}.Debug|Any CPU.Build.0 = Debug|Any CPU
		{AF3150A6-FCDD-4C20-A80C-43E186D9294C}.Debug|x64.ActiveCfg = Debug|Any CPU
		{AF3150A6-FCDD-4C20-A80C-43E186D9294C}.Debug|x64.Build.0 = Debug|Any CPU
		{AF3150A6-FCDD-4C20-A80C-43E186D9294C}.Debug|x86.ActiveCfg = Debug|Any CPU
		{AF3150A6-FCDD-4C20-A80C-43E186D9294C}.Debug|x86.Build.0 = Debug|Any CPU
		{AF3150A6-FCDD-4C20-A80C-43E186D9294C}.Release|Any CPU.ActiveCfg = Release|Any CPU
		{AF3150A6-FCDD-4C20-A80C-43E186D9294C}.Release|Any CPU.Build.0 = Release|Any CPU
		{AF3150A6-FCDD-4C20-A80C-43E186D9294C}.Release|x64.ActiveCfg = Release|Any CPU
		{AF3150A6-FCDD-4C20-A80C-43E186D9294C}.Release|x64.Build.0 = Release|Any CPU
		{AF3150A6-FCDD-4C20-A80C-43E186D9294C}.Release|x86.ActiveCfg = Release|Any CPU
		{AF3150A6-FCDD-4C20-A80C-43E186D9294C}.Release|x86.Build.0 = Release|Any CPU
		{1B3D8C77-71B1-4538-9E8B-5FDA1370B13E}.Debug|Any CPU.ActiveCfg = Debug|Any CPU
		{1B3D8C77-71B1-4538-9E8B-5FDA1370B13E}.Debug|Any CPU.Build.0 = Debug|Any CPU
		{1B3D8C77-71B1-4538-9E8B-5FDA1370B13E}.Debug|x64.ActiveCfg = Debug|Any CPU
		{1B3D8C77-71B1-4538-9E8B-5FDA1370B13E}.Debug|x64.Build.0 = Debug|Any CPU
		{1B3D8C77-71B1-4538-9E8B-5FDA1370B13E}.Debug|x86.ActiveCfg = Debug|Any CPU
		{1B3D8C77-71B1-4538-9E8B-5FDA1370B13E}.Debug|x86.Build.0 = Debug|Any CPU
		{1B3D8C77-71B1-4538-9E8B-5FDA1370B13E}.Release|Any CPU.ActiveCfg = Release|Any CPU
		{1B3D8C77-71B1-4538-9E8B-5FDA1370B13E}.Release|Any CPU.Build.0 = Release|Any CPU
		{1B3D8C77-71B1-4538-9E8B-5FDA1370B13E}.Release|x64.ActiveCfg = Release|Any CPU
		{1B3D8C77-71B1-4538-9E8B-5FDA1370B13E}.Release|x64.Build.0 = Release|Any CPU
		{1B3D8C77-71B1-4538-9E8B-5FDA1370B13E}.Release|x86.ActiveCfg = Release|Any CPU
		{1B3D8C77-71B1-4538-9E8B-5FDA1370B13E}.Release|x86.Build.0 = Release|Any CPU
		{A93303CD-365D-4FBC-996F-F3C29FAC563C}.Debug|Any CPU.ActiveCfg = Debug|Any CPU
		{A93303CD-365D-4FBC-996F-F3C29FAC563C}.Debug|Any CPU.Build.0 = Debug|Any CPU
		{A93303CD-365D-4FBC-996F-F3C29FAC563C}.Debug|x64.ActiveCfg = Debug|Any CPU
		{A93303CD-365D-4FBC-996F-F3C29FAC563C}.Debug|x64.Build.0 = Debug|Any CPU
		{A93303CD-365D-4FBC-996F-F3C29FAC563C}.Debug|x86.ActiveCfg = Debug|Any CPU
		{A93303CD-365D-4FBC-996F-F3C29FAC563C}.Debug|x86.Build.0 = Debug|Any CPU
		{A93303CD-365D-4FBC-996F-F3C29FAC563C}.Release|Any CPU.ActiveCfg = Release|Any CPU
		{A93303CD-365D-4FBC-996F-F3C29FAC563C}.Release|Any CPU.Build.0 = Release|Any CPU
		{A93303CD-365D-4FBC-996F-F3C29FAC563C}.Release|x64.ActiveCfg = Release|Any CPU
		{A93303CD-365D-4FBC-996F-F3C29FAC563C}.Release|x64.Build.0 = Release|Any CPU
		{A93303CD-365D-4FBC-996F-F3C29FAC563C}.Release|x86.ActiveCfg = Release|Any CPU
		{A93303CD-365D-4FBC-996F-F3C29FAC563C}.Release|x86.Build.0 = Release|Any CPU
		{339410F3-177E-42E2-92C6-D8E1F63CA95E}.Debug|Any CPU.ActiveCfg = Debug|Any CPU
		{339410F3-177E-42E2-92C6-D8E1F63CA95E}.Debug|Any CPU.Build.0 = Debug|Any CPU
		{339410F3-177E-42E2-92C6-D8E1F63CA95E}.Debug|x64.ActiveCfg = Debug|Any CPU
		{339410F3-177E-42E2-92C6-D8E1F63CA95E}.Debug|x64.Build.0 = Debug|Any CPU
		{339410F3-177E-42E2-92C6-D8E1F63CA95E}.Debug|x86.ActiveCfg = Debug|Any CPU
		{339410F3-177E-42E2-92C6-D8E1F63CA95E}.Debug|x86.Build.0 = Debug|Any CPU
		{339410F3-177E-42E2-92C6-D8E1F63CA95E}.Release|Any CPU.ActiveCfg = Release|Any CPU
		{339410F3-177E-42E2-92C6-D8E1F63CA95E}.Release|Any CPU.Build.0 = Release|Any CPU
		{339410F3-177E-42E2-92C6-D8E1F63CA95E}.Release|x64.ActiveCfg = Release|Any CPU
		{339410F3-177E-42E2-92C6-D8E1F63CA95E}.Release|x64.Build.0 = Release|Any CPU
		{339410F3-177E-42E2-92C6-D8E1F63CA95E}.Release|x86.ActiveCfg = Release|Any CPU
		{339410F3-177E-42E2-92C6-D8E1F63CA95E}.Release|x86.Build.0 = Release|Any CPU
		{348536FE-B8A5-4EAA-9D8F-81568DD53123}.Debug|Any CPU.ActiveCfg = Debug|Any CPU
		{348536FE-B8A5-4EAA-9D8F-81568DD53123}.Debug|Any CPU.Build.0 = Debug|Any CPU
		{348536FE-B8A5-4EAA-9D8F-81568DD53123}.Debug|x64.ActiveCfg = Debug|Any CPU
		{348536FE-B8A5-4EAA-9D8F-81568DD53123}.Debug|x64.Build.0 = Debug|Any CPU
		{348536FE-B8A5-4EAA-9D8F-81568DD53123}.Debug|x86.ActiveCfg = Debug|Any CPU
		{348536FE-B8A5-4EAA-9D8F-81568DD53123}.Debug|x86.Build.0 = Debug|Any CPU
		{348536FE-B8A5-4EAA-9D8F-81568DD53123}.Release|Any CPU.ActiveCfg = Release|Any CPU
		{348536FE-B8A5-4EAA-9D8F-81568DD53123}.Release|Any CPU.Build.0 = Release|Any CPU
		{348536FE-B8A5-4EAA-9D8F-81568DD53123}.Release|x64.ActiveCfg = Release|Any CPU
		{348536FE-B8A5-4EAA-9D8F-81568DD53123}.Release|x64.Build.0 = Release|Any CPU
		{348536FE-B8A5-4EAA-9D8F-81568DD53123}.Release|x86.ActiveCfg = Release|Any CPU
		{348536FE-B8A5-4EAA-9D8F-81568DD53123}.Release|x86.Build.0 = Release|Any CPU
		{EB0F920E-73EB-4B56-A69C-C2EAC8A60FDF}.Debug|Any CPU.ActiveCfg = Debug|Any CPU
		{EB0F920E-73EB-4B56-A69C-C2EAC8A60FDF}.Debug|Any CPU.Build.0 = Debug|Any CPU
		{EB0F920E-73EB-4B56-A69C-C2EAC8A60FDF}.Debug|x64.ActiveCfg = Debug|Any CPU
		{EB0F920E-73EB-4B56-A69C-C2EAC8A60FDF}.Debug|x64.Build.0 = Debug|Any CPU
		{EB0F920E-73EB-4B56-A69C-C2EAC8A60FDF}.Debug|x86.ActiveCfg = Debug|Any CPU
		{EB0F920E-73EB-4B56-A69C-C2EAC8A60FDF}.Debug|x86.Build.0 = Debug|Any CPU
		{EB0F920E-73EB-4B56-A69C-C2EAC8A60FDF}.Release|Any CPU.ActiveCfg = Release|Any CPU
		{EB0F920E-73EB-4B56-A69C-C2EAC8A60FDF}.Release|Any CPU.Build.0 = Release|Any CPU
		{EB0F920E-73EB-4B56-A69C-C2EAC8A60FDF}.Release|x64.ActiveCfg = Release|Any CPU
		{EB0F920E-73EB-4B56-A69C-C2EAC8A60FDF}.Release|x64.Build.0 = Release|Any CPU
		{EB0F920E-73EB-4B56-A69C-C2EAC8A60FDF}.Release|x86.ActiveCfg = Release|Any CPU
		{EB0F920E-73EB-4B56-A69C-C2EAC8A60FDF}.Release|x86.Build.0 = Release|Any CPU
		{1536BA04-80BE-4552-9904-687AEA7EE198}.Debug|Any CPU.ActiveCfg = Debug|Any CPU
		{1536BA04-80BE-4552-9904-687AEA7EE198}.Debug|Any CPU.Build.0 = Debug|Any CPU
		{1536BA04-80BE-4552-9904-687AEA7EE198}.Debug|x64.ActiveCfg = Debug|Any CPU
		{1536BA04-80BE-4552-9904-687AEA7EE198}.Debug|x64.Build.0 = Debug|Any CPU
		{1536BA04-80BE-4552-9904-687AEA7EE198}.Debug|x86.ActiveCfg = Debug|Any CPU
		{1536BA04-80BE-4552-9904-687AEA7EE198}.Debug|x86.Build.0 = Debug|Any CPU
		{1536BA04-80BE-4552-9904-687AEA7EE198}.Release|Any CPU.ActiveCfg = Release|Any CPU
		{1536BA04-80BE-4552-9904-687AEA7EE198}.Release|Any CPU.Build.0 = Release|Any CPU
		{1536BA04-80BE-4552-9904-687AEA7EE198}.Release|x64.ActiveCfg = Release|Any CPU
		{1536BA04-80BE-4552-9904-687AEA7EE198}.Release|x64.Build.0 = Release|Any CPU
		{1536BA04-80BE-4552-9904-687AEA7EE198}.Release|x86.ActiveCfg = Release|Any CPU
		{1536BA04-80BE-4552-9904-687AEA7EE198}.Release|x86.Build.0 = Release|Any CPU
		{F93038EB-C9EF-43A7-B66A-E165D96A20B0}.Debug|Any CPU.ActiveCfg = Debug|Any CPU
		{F93038EB-C9EF-43A7-B66A-E165D96A20B0}.Debug|Any CPU.Build.0 = Debug|Any CPU
		{F93038EB-C9EF-43A7-B66A-E165D96A20B0}.Debug|x64.ActiveCfg = Debug|Any CPU
		{F93038EB-C9EF-43A7-B66A-E165D96A20B0}.Debug|x64.Build.0 = Debug|Any CPU
		{F93038EB-C9EF-43A7-B66A-E165D96A20B0}.Debug|x86.ActiveCfg = Debug|Any CPU
		{F93038EB-C9EF-43A7-B66A-E165D96A20B0}.Debug|x86.Build.0 = Debug|Any CPU
		{F93038EB-C9EF-43A7-B66A-E165D96A20B0}.Release|Any CPU.ActiveCfg = Release|Any CPU
		{F93038EB-C9EF-43A7-B66A-E165D96A20B0}.Release|Any CPU.Build.0 = Release|Any CPU
		{F93038EB-C9EF-43A7-B66A-E165D96A20B0}.Release|x64.ActiveCfg = Release|Any CPU
		{F93038EB-C9EF-43A7-B66A-E165D96A20B0}.Release|x64.Build.0 = Release|Any CPU
		{F93038EB-C9EF-43A7-B66A-E165D96A20B0}.Release|x86.ActiveCfg = Release|Any CPU
		{F93038EB-C9EF-43A7-B66A-E165D96A20B0}.Release|x86.Build.0 = Release|Any CPU
		{17C47EFC-A0D3-4FCE-934D-E28F8C152DAB}.Debug|Any CPU.ActiveCfg = Debug|Any CPU
		{17C47EFC-A0D3-4FCE-934D-E28F8C152DAB}.Debug|Any CPU.Build.0 = Debug|Any CPU
		{17C47EFC-A0D3-4FCE-934D-E28F8C152DAB}.Debug|x64.ActiveCfg = Debug|Any CPU
		{17C47EFC-A0D3-4FCE-934D-E28F8C152DAB}.Debug|x64.Build.0 = Debug|Any CPU
		{17C47EFC-A0D3-4FCE-934D-E28F8C152DAB}.Debug|x86.ActiveCfg = Debug|Any CPU
		{17C47EFC-A0D3-4FCE-934D-E28F8C152DAB}.Debug|x86.Build.0 = Debug|Any CPU
		{17C47EFC-A0D3-4FCE-934D-E28F8C152DAB}.Release|Any CPU.ActiveCfg = Release|Any CPU
		{17C47EFC-A0D3-4FCE-934D-E28F8C152DAB}.Release|Any CPU.Build.0 = Release|Any CPU
		{17C47EFC-A0D3-4FCE-934D-E28F8C152DAB}.Release|x64.ActiveCfg = Release|Any CPU
		{17C47EFC-A0D3-4FCE-934D-E28F8C152DAB}.Release|x64.Build.0 = Release|Any CPU
		{17C47EFC-A0D3-4FCE-934D-E28F8C152DAB}.Release|x86.ActiveCfg = Release|Any CPU
		{17C47EFC-A0D3-4FCE-934D-E28F8C152DAB}.Release|x86.Build.0 = Release|Any CPU
		{2B3755D0-B761-4197-A63F-8105628E6512}.Debug|Any CPU.ActiveCfg = Debug|Any CPU
		{2B3755D0-B761-4197-A63F-8105628E6512}.Debug|Any CPU.Build.0 = Debug|Any CPU
		{2B3755D0-B761-4197-A63F-8105628E6512}.Debug|x64.ActiveCfg = Debug|Any CPU
		{2B3755D0-B761-4197-A63F-8105628E6512}.Debug|x64.Build.0 = Debug|Any CPU
		{2B3755D0-B761-4197-A63F-8105628E6512}.Debug|x86.ActiveCfg = Debug|Any CPU
		{2B3755D0-B761-4197-A63F-8105628E6512}.Debug|x86.Build.0 = Debug|Any CPU
		{2B3755D0-B761-4197-A63F-8105628E6512}.Release|Any CPU.ActiveCfg = Release|Any CPU
		{2B3755D0-B761-4197-A63F-8105628E6512}.Release|Any CPU.Build.0 = Release|Any CPU
		{2B3755D0-B761-4197-A63F-8105628E6512}.Release|x64.ActiveCfg = Release|Any CPU
		{2B3755D0-B761-4197-A63F-8105628E6512}.Release|x64.Build.0 = Release|Any CPU
		{2B3755D0-B761-4197-A63F-8105628E6512}.Release|x86.ActiveCfg = Release|Any CPU
		{2B3755D0-B761-4197-A63F-8105628E6512}.Release|x86.Build.0 = Release|Any CPU
		{F51A9AB4-2856-4A90-AC04-FCCD9BAE17D8}.Debug|Any CPU.ActiveCfg = Debug|Any CPU
		{F51A9AB4-2856-4A90-AC04-FCCD9BAE17D8}.Debug|Any CPU.Build.0 = Debug|Any CPU
		{F51A9AB4-2856-4A90-AC04-FCCD9BAE17D8}.Debug|x64.ActiveCfg = Debug|Any CPU
		{F51A9AB4-2856-4A90-AC04-FCCD9BAE17D8}.Debug|x64.Build.0 = Debug|Any CPU
		{F51A9AB4-2856-4A90-AC04-FCCD9BAE17D8}.Debug|x86.ActiveCfg = Debug|Any CPU
		{F51A9AB4-2856-4A90-AC04-FCCD9BAE17D8}.Debug|x86.Build.0 = Debug|Any CPU
		{F51A9AB4-2856-4A90-AC04-FCCD9BAE17D8}.Release|Any CPU.ActiveCfg = Release|Any CPU
		{F51A9AB4-2856-4A90-AC04-FCCD9BAE17D8}.Release|Any CPU.Build.0 = Release|Any CPU
		{F51A9AB4-2856-4A90-AC04-FCCD9BAE17D8}.Release|x64.ActiveCfg = Release|Any CPU
		{F51A9AB4-2856-4A90-AC04-FCCD9BAE17D8}.Release|x64.Build.0 = Release|Any CPU
		{F51A9AB4-2856-4A90-AC04-FCCD9BAE17D8}.Release|x86.ActiveCfg = Release|Any CPU
		{F51A9AB4-2856-4A90-AC04-FCCD9BAE17D8}.Release|x86.Build.0 = Release|Any CPU
	EndGlobalSection
	GlobalSection(SolutionProperties) = preSolution
		HideSolutionNode = FALSE
	EndGlobalSection
EndGlobal
