
Microsoft Visual Studio Solution File, Format Version 12.00
# Visual Studio 14
VisualStudioVersion = 14.0.25420.1
MinimumVisualStudioVersion = 10.0.40219.1
Project("{8BC9CEB8-8B4A-11D0-8D11-00A0C91BC942}") = "Calculator", "calculator.html\calculator.html.vcxproj", "{6B1831A3-B624-4DC1-BB66-937F7492B5FF}"
EndProject
Project("{FAE04EC0-301F-11D3-BF4B-00C04F79EFBC}") = "StudentDetails", "StudentDetails\StudentDetails.csproj", "{AF3150A6-FCDD-4C20-A80C-43E186D9294C}"
EndProject
Project("{FAE04EC0-301F-11D3-BF4B-00C04F79EFBC}") = "Button", "Button\Button.csproj", "{1B3D8C77-71B1-4538-9E8B-5FDA1370B13E}"
EndProject
Project("{FAE04EC0-301F-11D3-BF4B-00C04F79EFBC}") = "fileUpload", "fileUpload\fileUpload.csproj", "{A93303CD-365D-4FBC-996F-F3C29FAC563C}"
EndProject
Global
	GlobalSection(SolutionConfigurationPlatforms) = preSolution
		Debug|Any CPU = Debug|Any CPU
		Debug|x64 = Debug|x64
		Debug|x86 = Debug|x86
		Release|Any CPU = Release|Any CPU
		Release|x64 = Release|x64
		Release|x86 = Release|x86
	EndGlobalSection
	GlobalSection(ProjectConfigurationPlatforms) = postSolution
		{6B1831A3-B624-4DC1-BB66-937F7492B5FF}.Debug|Any CPU.ActiveCfg = Debug|Win32
		{6B1831A3-B624-4DC1-BB66-937F7492B5FF}.Debug|x64.ActiveCfg = Debug|x64
		{6B1831A3-B624-4DC1-BB66-937F7492B5FF}.Debug|x64.Build.0 = Debug|x64
		{6B1831A3-B624-4DC1-BB66-937F7492B5FF}.Debug|x86.ActiveCfg = Debug|Win32
		{6B1831A3-B624-4DC1-BB66-937F7492B5FF}.Debug|x86.Build.0 = Debug|Win32
		{6B1831A3-B624-4DC1-BB66-937F7492B5FF}.Release|Any CPU.ActiveCfg = Release|Win32
		{6B1831A3-B624-4DC1-BB66-937F7492B5FF}.Release|x64.ActiveCfg = Release|x64
		{6B1831A3-B624-4DC1-BB66-937F7492B5FF}.Release|x64.Build.0 = Release|x64
		{6B1831A3-B624-4DC1-BB66-937F7492B5FF}.Release|x86.ActiveCfg = Release|Win32
		{6B1831A3-B624-4DC1-BB66-937F7492B5FF}.Release|x86.Build.0 = Release|Win32
		{AF3150A6-FCDD-4C20-A80C-43E186D9294C}.Debug|Any CPU.ActiveCfg = Debug|Any CPU
		{AF3150A6-FCDD-4C20-A80C-43E186D9294C}.Debug|Any CPU.Build.0 = Debug|Any CPU
		{AF3150A6-FCDD-4C20-A80C-43E186D9294C}.Debug|x64.ActiveCfg = Debug|Any CPU
		{AF3150A6-FCDD-4C20-A80C-43E186D9294C}.Debug|x64.Build.0 = Debug|Any CPU
		{AF3150A6-FCDD-4C20-A80C-43E186D9294C}.Debug|x86.ActiveCfg = Debug|Any CPU
		{AF3150A6-FCDD-4C20-A80C-43E186D9294C}.Debug|x86.Build.0 = Debug|Any CPU
		{AF3150A6-FCDD-4C20-A80C-43E186D9294C}.Release|Any CPU.ActiveCfg = Release|Any CPU
		{AF3150A6-FCDD-4C20-A80C-43E186D9294C}.Release|Any CPU.Build.0 = Release|Any CPU
		{AF3150A6-FCDD-4C20-A80C-43E186D9294C}.Release|x64.ActiveCfg = Release|Any CPU
		{AF3150A6-FCDD-4C20-A80C-43E186D9294C}.Release|x64.Build.0 = Release|Any CPU
		{AF3150A6-FCDD-4C20-A80C-43E186D9294C}.Release|x86.ActiveCfg = Release|Any CPU
		{AF3150A6-FCDD-4C20-A80C-43E186D9294C}.Release|x86.Build.0 = Release|Any CPU
		{1B3D8C77-71B1-4538-9E8B-5FDA1370B13E}.Debug|Any CPU.ActiveCfg = Debug|Any CPU
		{1B3D8C77-71B1-4538-9E8B-5FDA1370B13E}.Debug|Any CPU.Build.0 = Debug|Any CPU
		{1B3D8C77-71B1-4538-9E8B-5FDA1370B13E}.Debug|x64.ActiveCfg = Debug|Any CPU
		{1B3D8C77-71B1-4538-9E8B-5FDA1370B13E}.Debug|x64.Build.0 = Debug|Any CPU
		{1B3D8C77-71B1-4538-9E8B-5FDA1370B13E}.Debug|x86.ActiveCfg = Debug|Any CPU
		{1B3D8C77-71B1-4538-9E8B-5FDA1370B13E}.Debug|x86.Build.0 = Debug|Any CPU
		{1B3D8C77-71B1-4538-9E8B-5FDA1370B13E}.Release|Any CPU.ActiveCfg = Release|Any CPU
		{1B3D8C77-71B1-4538-9E8B-5FDA1370B13E}.Release|Any CPU.Build.0 = Release|Any CPU
		{1B3D8C77-71B1-4538-9E8B-5FDA1370B13E}.Release|x64.ActiveCfg = Release|Any CPU
		{1B3D8C77-71B1-4538-9E8B-5FDA1370B13E}.Release|x64.Build.0 = Release|Any CPU
		{1B3D8C77-71B1-4538-9E8B-5FDA1370B13E}.Release|x86.ActiveCfg = Release|Any CPU
		{1B3D8C77-71B1-4538-9E8B-5FDA1370B13E}.Release|x86.Build.0 = Release|Any CPU
		{A93303CD-365D-4FBC-996F-F3C29FAC563C}.Debug|Any CPU.ActiveCfg = Debug|Any CPU
		{A93303CD-365D-4FBC-996F-F3C29FAC563C}.Debug|Any CPU.Build.0 = Debug|Any CPU
		{A93303CD-365D-4FBC-996F-F3C29FAC563C}.Debug|x64.ActiveCfg = Debug|Any CPU
		{A93303CD-365D-4FBC-996F-F3C29FAC563C}.Debug|x64.Build.0 = Debug|Any CPU
		{A93303CD-365D-4FBC-996F-F3C29FAC563C}.Debug|x86.ActiveCfg = Debug|Any CPU
		{A93303CD-365D-4FBC-996F-F3C29FAC563C}.Debug|x86.Build.0 = Debug|Any CPU
		{A93303CD-365D-4FBC-996F-F3C29FAC563C}.Release|Any CPU.ActiveCfg = Release|Any CPU
		{A93303CD-365D-4FBC-996F-F3C29FAC563C}.Release|Any CPU.Build.0 = Release|Any CPU
		{A93303CD-365D-4FBC-996F-F3C29FAC563C}.Release|x64.ActiveCfg = Release|Any CPU
		{A93303CD-365D-4FBC-996F-F3C29FAC563C}.Release|x64.Build.0 = Release|Any CPU
		{A93303CD-365D-4FBC-996F-F3C29FAC563C}.Release|x86.ActiveCfg = Release|Any CPU
		{A93303CD-365D-4FBC-996F-F3C29FAC563C}.Release|x86.Build.0 = Release|Any CPU
	EndGlobalSection
	GlobalSection(SolutionProperties) = preSolution
		HideSolutionNode = FALSE
	EndGlobalSection
EndGlobal
