
Microsoft Visual Studio Solution File, Format Version 12.00
# Visual Studio 14
VisualStudioVersion = 14.0.25420.1
MinimumVisualStudioVersion = 10.0.40219.1
Project("{8BC9CEB8-8B4A-11D0-8D11-00A0C91BC942}") = "stack", "stack\stack.vcxproj", "{4BE3C5C4-208B-404A-86CC-E5B1CD403196}"
EndProject
Project("{8BC9CEB8-8B4A-11D0-8D11-00A0C91BC942}") = "queue", "queue\queue.vcxproj", "{5072952D-2D9C-49C4-8B3E-379696C76323}"
EndProject
Project("{8BC9CEB8-8B4A-11D0-8D11-00A0C91BC942}") = "CQueue", "CQueue\CQueue.vcxproj", "{398E3578-93D1-40DD-B0D4-D63387D1BF1F}"
EndProject
Project("{8BC9CEB8-8B4A-11D0-8D11-00A0C91BC942}") = "balanceParanthesis", "balanceParanthesis\balanceParanthesis.vcxproj", "{7E237505-FDEA-4063-A35F-405597EFED1C}"
EndProject
Project("{8BC9CEB8-8B4A-11D0-8D11-00A0C91BC942}") = "InToPost", "InToPost\InToPost.vcxproj", "{4E10FC0A-97C4-480F-94E8-06053E7BC1DF}"
EndProject
Project("{8BC9CEB8-8B4A-11D0-8D11-00A0C91BC942}") = "postfixEval", "postfixEval\postfixEval.vcxproj", "{48625B2E-1D4D-41C8-9D99-AD8EE16DEDE2}"
EndProject
Project("{8BC9CEB8-8B4A-11D0-8D11-00A0C91BC942}") = "LL", "LL\LL.vcxproj", "{818B5AF3-8ACF-41C6-8D4B-EF2CB0D9E76C}"
EndProject
Project("{8BC9CEB8-8B4A-11D0-8D11-00A0C91BC942}") = "DLL", "DLL\DLL.vcxproj", "{D1CA56B0-073C-4019-8E44-EFBF3FF7EA54}"
EndProject
Project("{8BC9CEB8-8B4A-11D0-8D11-00A0C91BC942}") = "stackLL", "stackLL\stackLL.vcxproj", "{1BBFEAF2-DB6B-44AF-A536-BCF3AAD6CCEA}"
EndProject
Project("{8BC9CEB8-8B4A-11D0-8D11-00A0C91BC942}") = "queueLL", "queueLL\queueLL.vcxproj", "{C1898A9A-4533-4E2B-8012-22CF4FB1BFB0}"
EndProject
Project("{8BC9CEB8-8B4A-11D0-8D11-00A0C91BC942}") = "mergeLL", "mergeLL\mergeLL.vcxproj", "{01CFE26E-4C20-4A29-B225-282A87155D5B}"
EndProject
Project("{8BC9CEB8-8B4A-11D0-8D11-00A0C91BC942}") = "bubbleSort", "bubbleSort\bubbleSort.vcxproj", "{1C9B8BB6-F780-4187-B6AF-3EC73222C073}"
EndProject
Project("{8BC9CEB8-8B4A-11D0-8D11-00A0C91BC942}") = "insertionSort", "insertionSort\insertionSort.vcxproj", "{0F3AF311-7C8E-4B01-A8E6-969F7B13C797}"
EndProject
Project("{8BC9CEB8-8B4A-11D0-8D11-00A0C91BC942}") = "selectionSort", "selectionSort\selectionSort.vcxproj", "{45E938CA-DEC3-48B0-8676-0EF12D11138A}"
EndProject
Global
	GlobalSection(SolutionConfigurationPlatforms) = preSolution
		Debug|x64 = Debug|x64
		Debug|x86 = Debug|x86
		Release|x64 = Release|x64
		Release|x86 = Release|x86
	EndGlobalSection
	GlobalSection(ProjectConfigurationPlatforms) = postSolution
		{4BE3C5C4-208B-404A-86CC-E5B1CD403196}.Debug|x64.ActiveCfg = Debug|x64
		{4BE3C5C4-208B-404A-86CC-E5B1CD403196}.Debug|x64.Build.0 = Debug|x64
		{4BE3C5C4-208B-404A-86CC-E5B1CD403196}.Debug|x86.ActiveCfg = Debug|Win32
		{4BE3C5C4-208B-404A-86CC-E5B1CD403196}.Debug|x86.Build.0 = Debug|Win32
		{4BE3C5C4-208B-404A-86CC-E5B1CD403196}.Release|x64.ActiveCfg = Release|x64
		{4BE3C5C4-208B-404A-86CC-E5B1CD403196}.Release|x64.Build.0 = Release|x64
		{4BE3C5C4-208B-404A-86CC-E5B1CD403196}.Release|x86.ActiveCfg = Release|Win32
		{4BE3C5C4-208B-404A-86CC-E5B1CD403196}.Release|x86.Build.0 = Release|Win32
		{5072952D-2D9C-49C4-8B3E-379696C76323}.Debug|x64.ActiveCfg = Debug|x64
		{5072952D-2D9C-49C4-8B3E-379696C76323}.Debug|x64.Build.0 = Debug|x64
		{5072952D-2D9C-49C4-8B3E-379696C76323}.Debug|x86.ActiveCfg = Debug|Win32
		{5072952D-2D9C-49C4-8B3E-379696C76323}.Debug|x86.Build.0 = Debug|Win32
		{5072952D-2D9C-49C4-8B3E-379696C76323}.Release|x64.ActiveCfg = Release|x64
		{5072952D-2D9C-49C4-8B3E-379696C76323}.Release|x64.Build.0 = Release|x64
		{5072952D-2D9C-49C4-8B3E-379696C76323}.Release|x86.ActiveCfg = Release|Win32
		{5072952D-2D9C-49C4-8B3E-379696C76323}.Release|x86.Build.0 = Release|Win32
		{398E3578-93D1-40DD-B0D4-D63387D1BF1F}.Debug|x64.ActiveCfg = Debug|x64
		{398E3578-93D1-40DD-B0D4-D63387D1BF1F}.Debug|x64.Build.0 = Debug|x64
		{398E3578-93D1-40DD-B0D4-D63387D1BF1F}.Debug|x86.ActiveCfg = Debug|Win32
		{398E3578-93D1-40DD-B0D4-D63387D1BF1F}.Debug|x86.Build.0 = Debug|Win32
		{398E3578-93D1-40DD-B0D4-D63387D1BF1F}.Release|x64.ActiveCfg = Release|x64
		{398E3578-93D1-40DD-B0D4-D63387D1BF1F}.Release|x64.Build.0 = Release|x64
		{398E3578-93D1-40DD-B0D4-D63387D1BF1F}.Release|x86.ActiveCfg = Release|Win32
		{398E3578-93D1-40DD-B0D4-D63387D1BF1F}.Release|x86.Build.0 = Release|Win32
		{7E237505-FDEA-4063-A35F-405597EFED1C}.Debug|x64.ActiveCfg = Debug|x64
		{7E237505-FDEA-4063-A35F-405597EFED1C}.Debug|x64.Build.0 = Debug|x64
		{7E237505-FDEA-4063-A35F-405597EFED1C}.Debug|x86.ActiveCfg = Debug|Win32
		{7E237505-FDEA-4063-A35F-405597EFED1C}.Debug|x86.Build.0 = Debug|Win32
		{7E237505-FDEA-4063-A35F-405597EFED1C}.Release|x64.ActiveCfg = Release|x64
		{7E237505-FDEA-4063-A35F-405597EFED1C}.Release|x64.Build.0 = Release|x64
		{7E237505-FDEA-4063-A35F-405597EFED1C}.Release|x86.ActiveCfg = Release|Win32
		{7E237505-FDEA-4063-A35F-405597EFED1C}.Release|x86.Build.0 = Release|Win32
		{4E10FC0A-97C4-480F-94E8-06053E7BC1DF}.Debug|x64.ActiveCfg = Debug|x64
		{4E10FC0A-97C4-480F-94E8-06053E7BC1DF}.Debug|x64.Build.0 = Debug|x64
		{4E10FC0A-97C4-480F-94E8-06053E7BC1DF}.Debug|x86.ActiveCfg = Debug|Win32
		{4E10FC0A-97C4-480F-94E8-06053E7BC1DF}.Debug|x86.Build.0 = Debug|Win32
		{4E10FC0A-97C4-480F-94E8-06053E7BC1DF}.Release|x64.ActiveCfg = Release|x64
		{4E10FC0A-97C4-480F-94E8-06053E7BC1DF}.Release|x64.Build.0 = Release|x64
		{4E10FC0A-97C4-480F-94E8-06053E7BC1DF}.Release|x86.ActiveCfg = Release|Win32
		{4E10FC0A-97C4-480F-94E8-06053E7BC1DF}.Release|x86.Build.0 = Release|Win32
		{48625B2E-1D4D-41C8-9D99-AD8EE16DEDE2}.Debug|x64.ActiveCfg = Debug|x64
		{48625B2E-1D4D-41C8-9D99-AD8EE16DEDE2}.Debug|x64.Build.0 = Debug|x64
		{48625B2E-1D4D-41C8-9D99-AD8EE16DEDE2}.Debug|x86.ActiveCfg = Debug|Win32
		{48625B2E-1D4D-41C8-9D99-AD8EE16DEDE2}.Debug|x86.Build.0 = Debug|Win32
		{48625B2E-1D4D-41C8-9D99-AD8EE16DEDE2}.Release|x64.ActiveCfg = Release|x64
		{48625B2E-1D4D-41C8-9D99-AD8EE16DEDE2}.Release|x64.Build.0 = Release|x64
		{48625B2E-1D4D-41C8-9D99-AD8EE16DEDE2}.Release|x86.ActiveCfg = Release|Win32
		{48625B2E-1D4D-41C8-9D99-AD8EE16DEDE2}.Release|x86.Build.0 = Release|Win32
		{818B5AF3-8ACF-41C6-8D4B-EF2CB0D9E76C}.Debug|x64.ActiveCfg = Debug|x64
		{818B5AF3-8ACF-41C6-8D4B-EF2CB0D9E76C}.Debug|x64.Build.0 = Debug|x64
		{818B5AF3-8ACF-41C6-8D4B-EF2CB0D9E76C}.Debug|x86.ActiveCfg = Debug|Win32
		{818B5AF3-8ACF-41C6-8D4B-EF2CB0D9E76C}.Debug|x86.Build.0 = Debug|Win32
		{818B5AF3-8ACF-41C6-8D4B-EF2CB0D9E76C}.Release|x64.ActiveCfg = Release|x64
		{818B5AF3-8ACF-41C6-8D4B-EF2CB0D9E76C}.Release|x64.Build.0 = Release|x64
		{818B5AF3-8ACF-41C6-8D4B-EF2CB0D9E76C}.Release|x86.ActiveCfg = Release|Win32
		{818B5AF3-8ACF-41C6-8D4B-EF2CB0D9E76C}.Release|x86.Build.0 = Release|Win32
		{D1CA56B0-073C-4019-8E44-EFBF3FF7EA54}.Debug|x64.ActiveCfg = Debug|x64
		{D1CA56B0-073C-4019-8E44-EFBF3FF7EA54}.Debug|x64.Build.0 = Debug|x64
		{D1CA56B0-073C-4019-8E44-EFBF3FF7EA54}.Debug|x86.ActiveCfg = Debug|Win32
		{D1CA56B0-073C-4019-8E44-EFBF3FF7EA54}.Debug|x86.Build.0 = Debug|Win32
		{D1CA56B0-073C-4019-8E44-EFBF3FF7EA54}.Release|x64.ActiveCfg = Release|x64
		{D1CA56B0-073C-4019-8E44-EFBF3FF7EA54}.Release|x64.Build.0 = Release|x64
		{D1CA56B0-073C-4019-8E44-EFBF3FF7EA54}.Release|x86.ActiveCfg = Release|Win32
		{D1CA56B0-073C-4019-8E44-EFBF3FF7EA54}.Release|x86.Build.0 = Release|Win32
		{1BBFEAF2-DB6B-44AF-A536-BCF3AAD6CCEA}.Debug|x64.ActiveCfg = Debug|x64
		{1BBFEAF2-DB6B-44AF-A536-BCF3AAD6CCEA}.Debug|x64.Build.0 = Debug|x64
		{1BBFEAF2-DB6B-44AF-A536-BCF3AAD6CCEA}.Debug|x86.ActiveCfg = Debug|Win32
		{1BBFEAF2-DB6B-44AF-A536-BCF3AAD6CCEA}.Debug|x86.Build.0 = Debug|Win32
		{1BBFEAF2-DB6B-44AF-A536-BCF3AAD6CCEA}.Release|x64.ActiveCfg = Release|x64
		{1BBFEAF2-DB6B-44AF-A536-BCF3AAD6CCEA}.Release|x64.Build.0 = Release|x64
		{1BBFEAF2-DB6B-44AF-A536-BCF3AAD6CCEA}.Release|x86.ActiveCfg = Release|Win32
		{1BBFEAF2-DB6B-44AF-A536-BCF3AAD6CCEA}.Release|x86.Build.0 = Release|Win32
		{C1898A9A-4533-4E2B-8012-22CF4FB1BFB0}.Debug|x64.ActiveCfg = Debug|x64
		{C1898A9A-4533-4E2B-8012-22CF4FB1BFB0}.Debug|x64.Build.0 = Debug|x64
		{C1898A9A-4533-4E2B-8012-22CF4FB1BFB0}.Debug|x86.ActiveCfg = Debug|Win32
		{C1898A9A-4533-4E2B-8012-22CF4FB1BFB0}.Debug|x86.Build.0 = Debug|Win32
		{C1898A9A-4533-4E2B-8012-22CF4FB1BFB0}.Release|x64.ActiveCfg = Release|x64
		{C1898A9A-4533-4E2B-8012-22CF4FB1BFB0}.Release|x64.Build.0 = Release|x64
		{C1898A9A-4533-4E2B-8012-22CF4FB1BFB0}.Release|x86.ActiveCfg = Release|Win32
		{C1898A9A-4533-4E2B-8012-22CF4FB1BFB0}.Release|x86.Build.0 = Release|Win32
		{01CFE26E-4C20-4A29-B225-282A87155D5B}.Debug|x64.ActiveCfg = Debug|x64
		{01CFE26E-4C20-4A29-B225-282A87155D5B}.Debug|x64.Build.0 = Debug|x64
		{01CFE26E-4C20-4A29-B225-282A87155D5B}.Debug|x86.ActiveCfg = Debug|Win32
		{01CFE26E-4C20-4A29-B225-282A87155D5B}.Debug|x86.Build.0 = Debug|Win32
		{01CFE26E-4C20-4A29-B225-282A87155D5B}.Release|x64.ActiveCfg = Release|x64
		{01CFE26E-4C20-4A29-B225-282A87155D5B}.Release|x64.Build.0 = Release|x64
		{01CFE26E-4C20-4A29-B225-282A87155D5B}.Release|x86.ActiveCfg = Release|Win32
		{01CFE26E-4C20-4A29-B225-282A87155D5B}.Release|x86.Build.0 = Release|Win32
		{1C9B8BB6-F780-4187-B6AF-3EC73222C073}.Debug|x64.ActiveCfg = Debug|x64
		{1C9B8BB6-F780-4187-B6AF-3EC73222C073}.Debug|x64.Build.0 = Debug|x64
		{1C9B8BB6-F780-4187-B6AF-3EC73222C073}.Debug|x86.ActiveCfg = Debug|Win32
		{1C9B8BB6-F780-4187-B6AF-3EC73222C073}.Debug|x86.Build.0 = Debug|Win32
		{1C9B8BB6-F780-4187-B6AF-3EC73222C073}.Release|x64.ActiveCfg = Release|x64
		{1C9B8BB6-F780-4187-B6AF-3EC73222C073}.Release|x64.Build.0 = Release|x64
		{1C9B8BB6-F780-4187-B6AF-3EC73222C073}.Release|x86.ActiveCfg = Release|Win32
		{1C9B8BB6-F780-4187-B6AF-3EC73222C073}.Release|x86.Build.0 = Release|Win32
		{0F3AF311-7C8E-4B01-A8E6-969F7B13C797}.Debug|x64.ActiveCfg = Debug|x64
		{0F3AF311-7C8E-4B01-A8E6-969F7B13C797}.Debug|x64.Build.0 = Debug|x64
		{0F3AF311-7C8E-4B01-A8E6-969F7B13C797}.Debug|x86.ActiveCfg = Debug|Win32
		{0F3AF311-7C8E-4B01-A8E6-969F7B13C797}.Debug|x86.Build.0 = Debug|Win32
		{0F3AF311-7C8E-4B01-A8E6-969F7B13C797}.Release|x64.ActiveCfg = Release|x64
		{0F3AF311-7C8E-4B01-A8E6-969F7B13C797}.Release|x64.Build.0 = Release|x64
		{0F3AF311-7C8E-4B01-A8E6-969F7B13C797}.Release|x86.ActiveCfg = Release|Win32
		{0F3AF311-7C8E-4B01-A8E6-969F7B13C797}.Release|x86.Build.0 = Release|Win32
		{45E938CA-DEC3-48B0-8676-0EF12D11138A}.Debug|x64.ActiveCfg = Debug|x64
		{45E938CA-DEC3-48B0-8676-0EF12D11138A}.Debug|x64.Build.0 = Debug|x64
		{45E938CA-DEC3-48B0-8676-0EF12D11138A}.Debug|x86.ActiveCfg = Debug|Win32
		{45E938CA-DEC3-48B0-8676-0EF12D11138A}.Debug|x86.Build.0 = Debug|Win32
		{45E938CA-DEC3-48B0-8676-0EF12D11138A}.Release|x64.ActiveCfg = Release|x64
		{45E938CA-DEC3-48B0-8676-0EF12D11138A}.Release|x64.Build.0 = Release|x64
		{45E938CA-DEC3-48B0-8676-0EF12D11138A}.Release|x86.ActiveCfg = Release|Win32
		{45E938CA-DEC3-48B0-8676-0EF12D11138A}.Release|x86.Build.0 = Release|Win32
	EndGlobalSection
	GlobalSection(SolutionProperties) = preSolution
		HideSolutionNode = FALSE
	EndGlobalSection
EndGlobal
