
Microsoft Visual Studio Solution File, Format Version 12.00
# Visual Studio 14
VisualStudioVersion = 14.0.25420.1
MinimumVisualStudioVersion = 10.0.40219.1
Project("{8BC9CEB8-8B4A-11D0-8D11-00A0C91BC942}") = "UnicodeMbc", "UnicodeMbc\UnicodeMbc.vcxproj", "{87C97548-3F79-4B73-A4B3-E17EC7155EC1}"
EndProject
Project("{8BC9CEB8-8B4A-11D0-8D11-00A0C91BC942}") = "CommandLineArgs", "CommandLineArgs\CommandLineArgs.vcxproj", "{2E1EF4B4-8A8E-4C2D-B19A-BC3CB3B3D336}"
EndProject
Project("{8BC9CEB8-8B4A-11D0-8D11-00A0C91BC942}") = "enviStrings", "enviStrings\enviStrings.vcxproj", "{04A72B14-4C6F-4A90-B82E-A25DEF28E6C2}"
EndProject
Project("{8BC9CEB8-8B4A-11D0-8D11-00A0C91BC942}") = "fileHandler", "fileHandler\fileHandler.vcxproj", "{E021DBE6-A7F0-4A64-BB4A-36794445C345}"
EndProject
Project("{8BC9CEB8-8B4A-11D0-8D11-00A0C91BC942}") = "events", "events\events.vcxproj", "{CC99AE2A-8355-49F4-AFC8-6014EAA18CAC}"
EndProject
Project("{8BC9CEB8-8B4A-11D0-8D11-00A0C91BC942}") = "process", "process\process.vcxproj", "{08003EF2-6726-4F92-A03D-34C45B9C6496}"
EndProject
Project("{8BC9CEB8-8B4A-11D0-8D11-00A0C91BC942}") = "thread", "thread\thread.vcxproj", "{2E3E8989-E82F-4057-9AB9-FD362D2E4A0A}"
EndProject
Project("{8BC9CEB8-8B4A-11D0-8D11-00A0C91BC942}") = "threadSuspend", "threadSuspend\threadSuspend.vcxproj", "{B0C09E2B-4373-4545-8BB4-A8E23AEA2BA9}"
EndProject
Project("{8BC9CEB8-8B4A-11D0-8D11-00A0C91BC942}") = "exitThread", "secondaryThread\secondaryThread.vcxproj", "{D1DE53D8-5D85-4E7A-A80A-71560C986F7A}"
EndProject
Project("{8BC9CEB8-8B4A-11D0-8D11-00A0C91BC942}") = "terminateThread", "terminateThread\terminateThread.vcxproj", "{2FF80BB7-A167-43D6-B7CF-6DFF76B77665}"
EndProject
Project("{8BC9CEB8-8B4A-11D0-8D11-00A0C91BC942}") = "sharedIntegerThread", "sharedIntegerThread\sharedIntegerThread.vcxproj", "{F382FB55-EE86-40C7-8F32-62C2A66D2676}"
EndProject
Project("{8BC9CEB8-8B4A-11D0-8D11-00A0C91BC942}") = "threadPriority", "threadPriority\threadPriority.vcxproj", "{7AE0B9CD-5BF7-4BF3-A55A-6846BB3D03D1}"
EndProject
Project("{8BC9CEB8-8B4A-11D0-8D11-00A0C91BC942}") = "handleInherit", "handleInherit\handleInherit.vcxproj", "{BB4A62CC-5B1E-47C6-933C-027FBB0023EB}"
EndProject
Project("{8BC9CEB8-8B4A-11D0-8D11-00A0C91BC942}") = "inheritFileHandle", "inheritFileHandle\inheritFileHandle.vcxproj", "{E1709774-F9AC-4D1C-A17A-F38257BEA6F3}"
EndProject
Project("{8BC9CEB8-8B4A-11D0-8D11-00A0C91BC942}") = "Program2", "Program2\Program2.vcxproj", "{9655B5B3-7567-4052-919C-FC72D137BB3C}"
EndProject
Project("{8BC9CEB8-8B4A-11D0-8D11-00A0C91BC942}") = "sharedIntLocking", "sharedIntLocking\sharedIntLocking.vcxproj", "{AC05E854-CE37-4C86-AAB6-302CC54BAF6D}"
EndProject
Project("{8BC9CEB8-8B4A-11D0-8D11-00A0C91BC942}") = "criticalSection", "criticalSection\criticalSection.vcxproj", "{7596F131-9597-49D8-932B-6BCCB0609E80}"
EndProject
Project("{8BC9CEB8-8B4A-11D0-8D11-00A0C91BC942}") = "SlimRW", "SlimRW\SlimRW.vcxproj", "{2FEA5457-4238-4450-91B0-C0C3805F173A}"
EndProject
Global
	GlobalSection(SolutionConfigurationPlatforms) = preSolution
		Debug|x64 = Debug|x64
		Debug|x86 = Debug|x86
		Release|x64 = Release|x64
		Release|x86 = Release|x86
	EndGlobalSection
	GlobalSection(ProjectConfigurationPlatforms) = postSolution
		{87C97548-3F79-4B73-A4B3-E17EC7155EC1}.Debug|x64.ActiveCfg = Debug|x64
		{87C97548-3F79-4B73-A4B3-E17EC7155EC1}.Debug|x64.Build.0 = Debug|x64
		{87C97548-3F79-4B73-A4B3-E17EC7155EC1}.Debug|x86.ActiveCfg = Debug|Win32
		{87C97548-3F79-4B73-A4B3-E17EC7155EC1}.Debug|x86.Build.0 = Debug|Win32
		{87C97548-3F79-4B73-A4B3-E17EC7155EC1}.Release|x64.ActiveCfg = Release|x64
		{87C97548-3F79-4B73-A4B3-E17EC7155EC1}.Release|x64.Build.0 = Release|x64
		{87C97548-3F79-4B73-A4B3-E17EC7155EC1}.Release|x86.ActiveCfg = Release|Win32
		{87C97548-3F79-4B73-A4B3-E17EC7155EC1}.Release|x86.Build.0 = Release|Win32
		{2E1EF4B4-8A8E-4C2D-B19A-BC3CB3B3D336}.Debug|x64.ActiveCfg = Debug|x64
		{2E1EF4B4-8A8E-4C2D-B19A-BC3CB3B3D336}.Debug|x64.Build.0 = Debug|x64
		{2E1EF4B4-8A8E-4C2D-B19A-BC3CB3B3D336}.Debug|x86.ActiveCfg = Debug|Win32
		{2E1EF4B4-8A8E-4C2D-B19A-BC3CB3B3D336}.Debug|x86.Build.0 = Debug|Win32
		{2E1EF4B4-8A8E-4C2D-B19A-BC3CB3B3D336}.Release|x64.ActiveCfg = Release|x64
		{2E1EF4B4-8A8E-4C2D-B19A-BC3CB3B3D336}.Release|x64.Build.0 = Release|x64
		{2E1EF4B4-8A8E-4C2D-B19A-BC3CB3B3D336}.Release|x86.ActiveCfg = Release|Win32
		{2E1EF4B4-8A8E-4C2D-B19A-BC3CB3B3D336}.Release|x86.Build.0 = Release|Win32
		{04A72B14-4C6F-4A90-B82E-A25DEF28E6C2}.Debug|x64.ActiveCfg = Debug|x64
		{04A72B14-4C6F-4A90-B82E-A25DEF28E6C2}.Debug|x64.Build.0 = Debug|x64
		{04A72B14-4C6F-4A90-B82E-A25DEF28E6C2}.Debug|x86.ActiveCfg = Debug|Win32
		{04A72B14-4C6F-4A90-B82E-A25DEF28E6C2}.Debug|x86.Build.0 = Debug|Win32
		{04A72B14-4C6F-4A90-B82E-A25DEF28E6C2}.Release|x64.ActiveCfg = Release|x64
		{04A72B14-4C6F-4A90-B82E-A25DEF28E6C2}.Release|x64.Build.0 = Release|x64
		{04A72B14-4C6F-4A90-B82E-A25DEF28E6C2}.Release|x86.ActiveCfg = Release|Win32
		{04A72B14-4C6F-4A90-B82E-A25DEF28E6C2}.Release|x86.Build.0 = Release|Win32
		{E021DBE6-A7F0-4A64-BB4A-36794445C345}.Debug|x64.ActiveCfg = Debug|x64
		{E021DBE6-A7F0-4A64-BB4A-36794445C345}.Debug|x64.Build.0 = Debug|x64
		{E021DBE6-A7F0-4A64-BB4A-36794445C345}.Debug|x86.ActiveCfg = Debug|Win32
		{E021DBE6-A7F0-4A64-BB4A-36794445C345}.Debug|x86.Build.0 = Debug|Win32
		{E021DBE6-A7F0-4A64-BB4A-36794445C345}.Release|x64.ActiveCfg = Release|x64
		{E021DBE6-A7F0-4A64-BB4A-36794445C345}.Release|x64.Build.0 = Release|x64
		{E021DBE6-A7F0-4A64-BB4A-36794445C345}.Release|x86.ActiveCfg = Release|Win32
		{E021DBE6-A7F0-4A64-BB4A-36794445C345}.Release|x86.Build.0 = Release|Win32
		{CC99AE2A-8355-49F4-AFC8-6014EAA18CAC}.Debug|x64.ActiveCfg = Debug|x64
		{CC99AE2A-8355-49F4-AFC8-6014EAA18CAC}.Debug|x64.Build.0 = Debug|x64
		{CC99AE2A-8355-49F4-AFC8-6014EAA18CAC}.Debug|x86.ActiveCfg = Debug|Win32
		{CC99AE2A-8355-49F4-AFC8-6014EAA18CAC}.Debug|x86.Build.0 = Debug|Win32
		{CC99AE2A-8355-49F4-AFC8-6014EAA18CAC}.Release|x64.ActiveCfg = Release|x64
		{CC99AE2A-8355-49F4-AFC8-6014EAA18CAC}.Release|x64.Build.0 = Release|x64
		{CC99AE2A-8355-49F4-AFC8-6014EAA18CAC}.Release|x86.ActiveCfg = Release|Win32
		{CC99AE2A-8355-49F4-AFC8-6014EAA18CAC}.Release|x86.Build.0 = Release|Win32
		{08003EF2-6726-4F92-A03D-34C45B9C6496}.Debug|x64.ActiveCfg = Debug|x64
		{08003EF2-6726-4F92-A03D-34C45B9C6496}.Debug|x64.Build.0 = Debug|x64
		{08003EF2-6726-4F92-A03D-34C45B9C6496}.Debug|x86.ActiveCfg = Debug|Win32
		{08003EF2-6726-4F92-A03D-34C45B9C6496}.Debug|x86.Build.0 = Debug|Win32
		{08003EF2-6726-4F92-A03D-34C45B9C6496}.Release|x64.ActiveCfg = Release|x64
		{08003EF2-6726-4F92-A03D-34C45B9C6496}.Release|x64.Build.0 = Release|x64
		{08003EF2-6726-4F92-A03D-34C45B9C6496}.Release|x86.ActiveCfg = Release|Win32
		{08003EF2-6726-4F92-A03D-34C45B9C6496}.Release|x86.Build.0 = Release|Win32
		{2E3E8989-E82F-4057-9AB9-FD362D2E4A0A}.Debug|x64.ActiveCfg = Debug|x64
		{2E3E8989-E82F-4057-9AB9-FD362D2E4A0A}.Debug|x64.Build.0 = Debug|x64
		{2E3E8989-E82F-4057-9AB9-FD362D2E4A0A}.Debug|x86.ActiveCfg = Debug|Win32
		{2E3E8989-E82F-4057-9AB9-FD362D2E4A0A}.Debug|x86.Build.0 = Debug|Win32
		{2E3E8989-E82F-4057-9AB9-FD362D2E4A0A}.Release|x64.ActiveCfg = Release|x64
		{2E3E8989-E82F-4057-9AB9-FD362D2E4A0A}.Release|x64.Build.0 = Release|x64
		{2E3E8989-E82F-4057-9AB9-FD362D2E4A0A}.Release|x86.ActiveCfg = Release|Win32
		{2E3E8989-E82F-4057-9AB9-FD362D2E4A0A}.Release|x86.Build.0 = Release|Win32
		{B0C09E2B-4373-4545-8BB4-A8E23AEA2BA9}.Debug|x64.ActiveCfg = Debug|x64
		{B0C09E2B-4373-4545-8BB4-A8E23AEA2BA9}.Debug|x64.Build.0 = Debug|x64
		{B0C09E2B-4373-4545-8BB4-A8E23AEA2BA9}.Debug|x86.ActiveCfg = Debug|Win32
		{B0C09E2B-4373-4545-8BB4-A8E23AEA2BA9}.Debug|x86.Build.0 = Debug|Win32
		{B0C09E2B-4373-4545-8BB4-A8E23AEA2BA9}.Release|x64.ActiveCfg = Release|x64
		{B0C09E2B-4373-4545-8BB4-A8E23AEA2BA9}.Release|x64.Build.0 = Release|x64
		{B0C09E2B-4373-4545-8BB4-A8E23AEA2BA9}.Release|x86.ActiveCfg = Release|Win32
		{B0C09E2B-4373-4545-8BB4-A8E23AEA2BA9}.Release|x86.Build.0 = Release|Win32
		{D1DE53D8-5D85-4E7A-A80A-71560C986F7A}.Debug|x64.ActiveCfg = Debug|x64
		{D1DE53D8-5D85-4E7A-A80A-71560C986F7A}.Debug|x64.Build.0 = Debug|x64
		{D1DE53D8-5D85-4E7A-A80A-71560C986F7A}.Debug|x86.ActiveCfg = Debug|Win32
		{D1DE53D8-5D85-4E7A-A80A-71560C986F7A}.Debug|x86.Build.0 = Debug|Win32
		{D1DE53D8-5D85-4E7A-A80A-71560C986F7A}.Release|x64.ActiveCfg = Release|x64
		{D1DE53D8-5D85-4E7A-A80A-71560C986F7A}.Release|x64.Build.0 = Release|x64
		{D1DE53D8-5D85-4E7A-A80A-71560C986F7A}.Release|x86.ActiveCfg = Release|Win32
		{D1DE53D8-5D85-4E7A-A80A-71560C986F7A}.Release|x86.Build.0 = Release|Win32
		{2FF80BB7-A167-43D6-B7CF-6DFF76B77665}.Debug|x64.ActiveCfg = Debug|x64
		{2FF80BB7-A167-43D6-B7CF-6DFF76B77665}.Debug|x64.Build.0 = Debug|x64
		{2FF80BB7-A167-43D6-B7CF-6DFF76B77665}.Debug|x86.ActiveCfg = Debug|Win32
		{2FF80BB7-A167-43D6-B7CF-6DFF76B77665}.Debug|x86.Build.0 = Debug|Win32
		{2FF80BB7-A167-43D6-B7CF-6DFF76B77665}.Release|x64.ActiveCfg = Release|x64
		{2FF80BB7-A167-43D6-B7CF-6DFF76B77665}.Release|x64.Build.0 = Release|x64
		{2FF80BB7-A167-43D6-B7CF-6DFF76B77665}.Release|x86.ActiveCfg = Release|Win32
		{2FF80BB7-A167-43D6-B7CF-6DFF76B77665}.Release|x86.Build.0 = Release|Win32
		{F382FB55-EE86-40C7-8F32-62C2A66D2676}.Debug|x64.ActiveCfg = Debug|x64
		{F382FB55-EE86-40C7-8F32-62C2A66D2676}.Debug|x64.Build.0 = Debug|x64
		{F382FB55-EE86-40C7-8F32-62C2A66D2676}.Debug|x86.ActiveCfg = Debug|Win32
		{F382FB55-EE86-40C7-8F32-62C2A66D2676}.Debug|x86.Build.0 = Debug|Win32
		{F382FB55-EE86-40C7-8F32-62C2A66D2676}.Release|x64.ActiveCfg = Release|x64
		{F382FB55-EE86-40C7-8F32-62C2A66D2676}.Release|x64.Build.0 = Release|x64
		{F382FB55-EE86-40C7-8F32-62C2A66D2676}.Release|x86.ActiveCfg = Release|Win32
		{F382FB55-EE86-40C7-8F32-62C2A66D2676}.Release|x86.Build.0 = Release|Win32
		{7AE0B9CD-5BF7-4BF3-A55A-6846BB3D03D1}.Debug|x64.ActiveCfg = Debug|x64
		{7AE0B9CD-5BF7-4BF3-A55A-6846BB3D03D1}.Debug|x64.Build.0 = Debug|x64
		{7AE0B9CD-5BF7-4BF3-A55A-6846BB3D03D1}.Debug|x86.ActiveCfg = Debug|Win32
		{7AE0B9CD-5BF7-4BF3-A55A-6846BB3D03D1}.Debug|x86.Build.0 = Debug|Win32
		{7AE0B9CD-5BF7-4BF3-A55A-6846BB3D03D1}.Release|x64.ActiveCfg = Release|x64
		{7AE0B9CD-5BF7-4BF3-A55A-6846BB3D03D1}.Release|x64.Build.0 = Release|x64
		{7AE0B9CD-5BF7-4BF3-A55A-6846BB3D03D1}.Release|x86.ActiveCfg = Release|Win32
		{7AE0B9CD-5BF7-4BF3-A55A-6846BB3D03D1}.Release|x86.Build.0 = Release|Win32
		{BB4A62CC-5B1E-47C6-933C-027FBB0023EB}.Debug|x64.ActiveCfg = Debug|x64
		{BB4A62CC-5B1E-47C6-933C-027FBB0023EB}.Debug|x64.Build.0 = Debug|x64
		{BB4A62CC-5B1E-47C6-933C-027FBB0023EB}.Debug|x86.ActiveCfg = Debug|Win32
		{BB4A62CC-5B1E-47C6-933C-027FBB0023EB}.Debug|x86.Build.0 = Debug|Win32
		{BB4A62CC-5B1E-47C6-933C-027FBB0023EB}.Release|x64.ActiveCfg = Release|x64
		{BB4A62CC-5B1E-47C6-933C-027FBB0023EB}.Release|x64.Build.0 = Release|x64
		{BB4A62CC-5B1E-47C6-933C-027FBB0023EB}.Release|x86.ActiveCfg = Release|Win32
		{BB4A62CC-5B1E-47C6-933C-027FBB0023EB}.Release|x86.Build.0 = Release|Win32
		{E1709774-F9AC-4D1C-A17A-F38257BEA6F3}.Debug|x64.ActiveCfg = Debug|x64
		{E1709774-F9AC-4D1C-A17A-F38257BEA6F3}.Debug|x64.Build.0 = Debug|x64
		{E1709774-F9AC-4D1C-A17A-F38257BEA6F3}.Debug|x86.ActiveCfg = Debug|Win32
		{E1709774-F9AC-4D1C-A17A-F38257BEA6F3}.Debug|x86.Build.0 = Debug|Win32
		{E1709774-F9AC-4D1C-A17A-F38257BEA6F3}.Release|x64.ActiveCfg = Release|x64
		{E1709774-F9AC-4D1C-A17A-F38257BEA6F3}.Release|x64.Build.0 = Release|x64
		{E1709774-F9AC-4D1C-A17A-F38257BEA6F3}.Release|x86.ActiveCfg = Release|Win32
		{E1709774-F9AC-4D1C-A17A-F38257BEA6F3}.Release|x86.Build.0 = Release|Win32
		{9655B5B3-7567-4052-919C-FC72D137BB3C}.Debug|x64.ActiveCfg = Debug|x64
		{9655B5B3-7567-4052-919C-FC72D137BB3C}.Debug|x64.Build.0 = Debug|x64
		{9655B5B3-7567-4052-919C-FC72D137BB3C}.Debug|x86.ActiveCfg = Debug|Win32
		{9655B5B3-7567-4052-919C-FC72D137BB3C}.Debug|x86.Build.0 = Debug|Win32
		{9655B5B3-7567-4052-919C-FC72D137BB3C}.Release|x64.ActiveCfg = Release|x64
		{9655B5B3-7567-4052-919C-FC72D137BB3C}.Release|x64.Build.0 = Release|x64
		{9655B5B3-7567-4052-919C-FC72D137BB3C}.Release|x86.ActiveCfg = Release|Win32
		{9655B5B3-7567-4052-919C-FC72D137BB3C}.Release|x86.Build.0 = Release|Win32
		{AC05E854-CE37-4C86-AAB6-302CC54BAF6D}.Debug|x64.ActiveCfg = Debug|x64
		{AC05E854-CE37-4C86-AAB6-302CC54BAF6D}.Debug|x64.Build.0 = Debug|x64
		{AC05E854-CE37-4C86-AAB6-302CC54BAF6D}.Debug|x86.ActiveCfg = Debug|Win32
		{AC05E854-CE37-4C86-AAB6-302CC54BAF6D}.Debug|x86.Build.0 = Debug|Win32
		{AC05E854-CE37-4C86-AAB6-302CC54BAF6D}.Release|x64.ActiveCfg = Release|x64
		{AC05E854-CE37-4C86-AAB6-302CC54BAF6D}.Release|x64.Build.0 = Release|x64
		{AC05E854-CE37-4C86-AAB6-302CC54BAF6D}.Release|x86.ActiveCfg = Release|Win32
		{AC05E854-CE37-4C86-AAB6-302CC54BAF6D}.Release|x86.Build.0 = Release|Win32
		{7596F131-9597-49D8-932B-6BCCB0609E80}.Debug|x64.ActiveCfg = Debug|x64
		{7596F131-9597-49D8-932B-6BCCB0609E80}.Debug|x64.Build.0 = Debug|x64
		{7596F131-9597-49D8-932B-6BCCB0609E80}.Debug|x86.ActiveCfg = Debug|Win32
		{7596F131-9597-49D8-932B-6BCCB0609E80}.Debug|x86.Build.0 = Debug|Win32
		{7596F131-9597-49D8-932B-6BCCB0609E80}.Release|x64.ActiveCfg = Release|x64
		{7596F131-9597-49D8-932B-6BCCB0609E80}.Release|x64.Build.0 = Release|x64
		{7596F131-9597-49D8-932B-6BCCB0609E80}.Release|x86.ActiveCfg = Release|Win32
		{7596F131-9597-49D8-932B-6BCCB0609E80}.Release|x86.Build.0 = Release|Win32
		{2FEA5457-4238-4450-91B0-C0C3805F173A}.Debug|x64.ActiveCfg = Debug|x64
		{2FEA5457-4238-4450-91B0-C0C3805F173A}.Debug|x64.Build.0 = Debug|x64
		{2FEA5457-4238-4450-91B0-C0C3805F173A}.Debug|x86.ActiveCfg = Debug|Win32
		{2FEA5457-4238-4450-91B0-C0C3805F173A}.Debug|x86.Build.0 = Debug|Win32
		{2FEA5457-4238-4450-91B0-C0C3805F173A}.Release|x64.ActiveCfg = Release|x64
		{2FEA5457-4238-4450-91B0-C0C3805F173A}.Release|x64.Build.0 = Release|x64
		{2FEA5457-4238-4450-91B0-C0C3805F173A}.Release|x86.ActiveCfg = Release|Win32
		{2FEA5457-4238-4450-91B0-C0C3805F173A}.Release|x86.Build.0 = Release|Win32
	EndGlobalSection
	GlobalSection(SolutionProperties) = preSolution
		HideSolutionNode = FALSE
	EndGlobalSection
EndGlobal
